PODS:
  - WRLD (0.0.737)

DEPENDENCIES:
  - WRLD (from `https://github.com/wrld3d/ios-api/releases/download/v0.0.737/WRLD.podspec`)

EXTERNAL SOURCES:
  WRLD:
    :podspec: https://github.com/wrld3d/ios-api/releases/download/v0.0.737/WRLD.podspec

SPEC CHECKSUMS:
  WRLD: bf04fc353ba073b6c50ec9c9f72821a97cb5c182

PODFILE CHECKSUM: bc4a81f2fa78872614c3982c6ebc372408c75d71

COCOAPODS: 1.4.0
