PODS:
  - WRLD (0.0.1449)

DEPENDENCIES:
  - WRLD (from `https://github.com/wrld3d/ios-api/releases/download/v0.0.1449/WRLD.podspec`)

EXTERNAL SOURCES:
  WRLD:
    :podspec: https://github.com/wrld3d/ios-api/releases/download/v0.0.1449/WRLD.podspec

SPEC CHECKSUMS:
  WRLD: b8881b89fa6b54912763eb3af6fb855e769b8a02

PODFILE CHECKSUM: 3683c6494df908ba4cd319a90b5b528c5069c4f7

COCOAPODS: 1.5.3
