// !$*UTF8*$!
{
	archiveVersion = 1;
	classes = {
	};
	objectVersion = 46;
	objects = {

/* Begin PBXBuildFile section */
		183ED1C11B4C378200B68A82 /* Main.m in Sources */ = {isa = PBXBuildFile; fileRef = 183ED1BD1B4C378200B68A82 /* Main.m */; };
		186943881B4ED0DA00B8776D /* Podfile in Resources */ = {isa = PBXBuildFile; fileRef = 186943861B4ED0DA00B8776D /* Podfile */; };
		186D2936196D9E4B00E004E0 /* placeholder.pvr in Resources */ = {isa = PBXBuildFile; fileRef = 18D1D34A194A057200FAA1B9 /* placeholder.pvr */; };
		186D2937196D9E4B00E004E0 /* FrankBold50_A8_icons_0.png in Resources */ = {isa = PBXBuildFile; fileRef = 18D1D343194A057200FAA1B9 /* FrankBold50_A8_icons_0.png */; };
		186D2938196D9E4B00E004E0 /* FrankBold50_A8_icons.fnt in Resources */ = {isa = PBXBuildFile; fileRef = 18D1D344194A057200FAA1B9 /* FrankBold50_A8_icons.fnt */; };
		186D293B196D9E4B00E004E0 /* pins_example in Resources */ = {isa = PBXBuildFile; fileRef = 18D1D348194A057200FAA1B9 /* pins_example */; };
		1882657D1C4CD74600EAF1F8 /* Textures in Resources */ = {isa = PBXBuildFile; fileRef = 1882657C1C4CD74600EAF1F8 /* Textures */; };
		1890C03F1B551C190037F289 /* MapKit.framework in Frameworks */ = {isa = PBXBuildFile; fileRef = 186943841B4ED01E00B8776D /* MapKit.framework */; };
		1890C0471B5657BD0037F289 /* GoogleMapsContainerViewController.m in Sources */ = {isa = PBXBuildFile; fileRef = 1890C0451B5657BD0037F289 /* GoogleMapsContainerViewController.m */; };
		1890C04F1B5670C60037F289 /* AppleMapsContainerViewController.m in Sources */ = {isa = PBXBuildFile; fileRef = 1890C04D1B5670C60037F289 /* AppleMapsContainerViewController.m */; };
		1890C0541B5671B80037F289 /* EegeoMapsContainerViewController.m in Sources */ = {isa = PBXBuildFile; fileRef = 1890C0521B5671B80037F289 /* EegeoMapsContainerViewController.m */; };
		18A481761B7E1DD50038FB8A /* custom_annotation_image.png in Resources */ = {isa = PBXBuildFile; fileRef = 18A481741B7E1DD50038FB8A /* custom_annotation_image.png */; };
		18A4817F1B7E22CB0038FB8A /* AppleCustomAnnotationView.mm in Sources */ = {isa = PBXBuildFile; fileRef = 18A481791B7E22CB0038FB8A /* AppleCustomAnnotationView.mm */; };
		18A481811B7E22CB0038FB8A /* AppleCustomAnnotationView.xib in Resources */ = {isa = PBXBuildFile; fileRef = 18A4817A1B7E22CB0038FB8A /* AppleCustomAnnotationView.xib */; };
		18A481831B7E22CB0038FB8A /* EegeoCustomAnnotationView.mm in Sources */ = {isa = PBXBuildFile; fileRef = 18A4817C1B7E22CB0038FB8A /* EegeoCustomAnnotationView.mm */; };
		18A481851B7E22CB0038FB8A /* EegeoCustomAnnotationView.xib in Resources */ = {isa = PBXBuildFile; fileRef = 18A4817D1B7E22CB0038FB8A /* EegeoCustomAnnotationView.xib */; };
		18A87A041B83663900AAAC09 /* MainViewController.m in Sources */ = {isa = PBXBuildFile; fileRef = 18A87A021B83663900AAAC09 /* MainViewController.m */; };
		18F578031C2316BE007E1A1F /* DejaVuSansBold_0.png in Resources */ = {isa = PBXBuildFile; fileRef = 18F578011C2316BE007E1A1F /* DejaVuSansBold_0.png */; };
		18F578041C2316BE007E1A1F /* DejaVuSansBold.fnt in Resources */ = {isa = PBXBuildFile; fileRef = 18F578021C2316BE007E1A1F /* DejaVuSansBold.fnt */; };
		222E068C1948B08B0004FFD9 /* CoreLocation.framework in Frameworks */ = {isa = PBXBuildFile; fileRef = 7EF5D8641737F9A40049D787 /* CoreLocation.framework */; };
		222E068D1948B08B0004FFD9 /* libz.dylib in Frameworks */ = {isa = PBXBuildFile; fileRef = 7EE48257168477CB0006E99B /* libz.dylib */; };
		222E068E1948B08B0004FFD9 /* MobileCoreServices.framework in Frameworks */ = {isa = PBXBuildFile; fileRef = 7EE48255168477A80006E99B /* MobileCoreServices.framework */; };
		222E068F1948B08B0004FFD9 /* SystemConfiguration.framework in Frameworks */ = {isa = PBXBuildFile; fileRef = 7EE48252168477510006E99B /* SystemConfiguration.framework */; };
		222E06901948B08B0004FFD9 /* CFNetwork.framework in Frameworks */ = {isa = PBXBuildFile; fileRef = 7EE48250168476EC0006E99B /* CFNetwork.framework */; };
		222E06911948B08B0004FFD9 /* GLKit.framework in Frameworks */ = {isa = PBXBuildFile; fileRef = 7EE4824B168476BA0006E99B /* GLKit.framework */; };
		222E06921948B08B0004FFD9 /* OpenGLES.framework in Frameworks */ = {isa = PBXBuildFile; fileRef = 7EE4824C168476BA0006E99B /* OpenGLES.framework */; };
		222E06931948B08B0004FFD9 /* UIKit.framework in Frameworks */ = {isa = PBXBuildFile; fileRef = 7EE481EA16836F370006E99B /* UIKit.framework */; };
		222E06941948B08B0004FFD9 /* Foundation.framework in Frameworks */ = {isa = PBXBuildFile; fileRef = 7EE481EC16836F370006E99B /* Foundation.framework */; };
		222E06951948B08B0004FFD9 /* CoreGraphics.framework in Frameworks */ = {isa = PBXBuildFile; fileRef = 7EE481EE16836F370006E99B /* CoreGraphics.framework */; };
		222E06961948B08B0004FFD9 /* CoreData.framework in Frameworks */ = {isa = PBXBuildFile; fileRef = 7EE481F016836F370006E99B /* CoreData.framework */; };
		222E06991948B08B0004FFD9 /* InfoPlist.strings in Resources */ = {isa = PBXBuildFile; fileRef = 7EE481F516836F370006E99B /* InfoPlist.strings */; };
		222E069A1948B08B0004FFD9 /* MainStoryboard_iPhone.storyboard in Resources */ = {isa = PBXBuildFile; fileRef = 7EE4820C1683713B0006E99B /* MainStoryboard_iPhone.storyboard */; };
		222E069B1948B08B0004FFD9 /* MainStoryboard_iPad.storyboard in Resources */ = {isa = PBXBuildFile; fileRef = 7EE4820F168371460006E99B /* MainStoryboard_iPad.storyboard */; };
		3A3A7DAA1D47715F00296F45 /* default_water_reflection_cube_map_negX.png in Resources */ = {isa = PBXBuildFile; fileRef = 3A3A7DA41D47715F00296F45 /* default_water_reflection_cube_map_negX.png */; };
		3A3A7DAB1D47715F00296F45 /* default_water_reflection_cube_map_negY.png in Resources */ = {isa = PBXBuildFile; fileRef = 3A3A7DA51D47715F00296F45 /* default_water_reflection_cube_map_negY.png */; };
		3A3A7DAC1D47715F00296F45 /* default_water_reflection_cube_map_negZ.png in Resources */ = {isa = PBXBuildFile; fileRef = 3A3A7DA61D47715F00296F45 /* default_water_reflection_cube_map_negZ.png */; };
		3A3A7DAD1D47715F00296F45 /* default_water_reflection_cube_map_posX.png in Resources */ = {isa = PBXBuildFile; fileRef = 3A3A7DA71D47715F00296F45 /* default_water_reflection_cube_map_posX.png */; };
		3A3A7DAE1D47715F00296F45 /* default_water_reflection_cube_map_posY.png in Resources */ = {isa = PBXBuildFile; fileRef = 3A3A7DA81D47715F00296F45 /* default_water_reflection_cube_map_posY.png */; };
		3A3A7DAF1D47715F00296F45 /* default_water_reflection_cube_map_posZ.png in Resources */ = {isa = PBXBuildFile; fileRef = 3A3A7DA91D47715F00296F45 /* default_water_reflection_cube_map_posZ.png */; };
		A1D56150BAD92A3D4CA2D5F8 /* libPods-eeGeoApiExample.a in Frameworks */ = {isa = PBXBuildFile; fileRef = E14F9971CBF128659F200EDA /* libPods-eeGeoApiExample.a */; };
		E096AE1D19F6713300C3D04A /* SplashScreen-1024x768.png in Resources */ = {isa = PBXBuildFile; fileRef = E096AE1B19F6713300C3D04A /* SplashScreen-1024x768.png */; };
		E0B9CF9319F697090012D0B4 /* Images.xcassets in Resources */ = {isa = PBXBuildFile; fileRef = E096AE1919F670F100C3D04A /* Images.xcassets */; };
		F3B59B901D8ADBC80021493A /* embedded_manifest.bin in Resources */ = {isa = PBXBuildFile; fileRef = F3B59B8F1D8ADBC80021493A /* embedded_manifest.bin */; };
/* End PBXBuildFile section */

/* Begin PBXFileReference section */
		0B5C8EC9C89CE215E1C6A17B /* Pods-SDKSamplesApp.debug.xcconfig */ = {isa = PBXFileReference; includeInIndex = 1; lastKnownFileType = text.xcconfig; name = "Pods-SDKSamplesApp.debug.xcconfig"; path = "Pods/Target Support Files/Pods-SDKSamplesApp/Pods-SDKSamplesApp.debug.xcconfig"; sourceTree = "<group>"; };
		183856811B8CAE3F005D7CC9 /* AppDelegate.h */ = {isa = PBXFileReference; lastKnownFileType = sourcecode.c.h; path = AppDelegate.h; sourceTree = "<group>"; };
		183ED1BD1B4C378200B68A82 /* Main.m */ = {isa = PBXFileReference; fileEncoding = 4; lastKnownFileType = sourcecode.c.objc; path = Main.m; sourceTree = SOURCE_ROOT; };
		184ED7121B4D6F6B00CCF43F /* QuartzCore.framework */ = {isa = PBXFileReference; lastKnownFileType = wrapper.framework; name = QuartzCore.framework; path = System/Library/Frameworks/QuartzCore.framework; sourceTree = SDKROOT; };
		18574CFA1B8491EB002EDABB /* MapContainerDelegate.h */ = {isa = PBXFileReference; lastKnownFileType = sourcecode.c.h; path = MapContainerDelegate.h; sourceTree = "<group>"; };
		186943841B4ED01E00B8776D /* MapKit.framework */ = {isa = PBXFileReference; lastKnownFileType = wrapper.framework; name = MapKit.framework; path = System/Library/Frameworks/MapKit.framework; sourceTree = SDKROOT; };
		186943861B4ED0DA00B8776D /* Podfile */ = {isa = PBXFileReference; fileEncoding = 4; lastKnownFileType = text; path = Podfile; sourceTree = "<group>"; xcLanguageSpecificationIdentifier = xcode.lang.ruby; };
		1882657C1C4CD74600EAF1F8 /* Textures */ = {isa = PBXFileReference; lastKnownFileType = folder; path = Textures; sourceTree = "<group>"; };
		1890C0451B5657BD0037F289 /* GoogleMapsContainerViewController.m */ = {isa = PBXFileReference; fileEncoding = 4; lastKnownFileType = sourcecode.c.objc; path = GoogleMapsContainerViewController.m; sourceTree = "<group>"; };
		1890C0481B5657D00037F289 /* GoogleMapsContainerViewController.h */ = {isa = PBXFileReference; lastKnownFileType = sourcecode.c.h; path = GoogleMapsContainerViewController.h; sourceTree = "<group>"; };
		1890C04D1B5670C60037F289 /* AppleMapsContainerViewController.m */ = {isa = PBXFileReference; fileEncoding = 4; lastKnownFileType = sourcecode.c.objc; path = AppleMapsContainerViewController.m; sourceTree = "<group>"; };
		1890C0501B5670D30037F289 /* AppleMapsContainerViewController.h */ = {isa = PBXFileReference; lastKnownFileType = sourcecode.c.h; path = AppleMapsContainerViewController.h; sourceTree = "<group>"; };
		1890C0511B56718A0037F289 /* EegeoMapsContainerViewController.h */ = {isa = PBXFileReference; lastKnownFileType = sourcecode.c.h; path = EegeoMapsContainerViewController.h; sourceTree = "<group>"; };
		1890C0521B5671B80037F289 /* EegeoMapsContainerViewController.m */ = {isa = PBXFileReference; fileEncoding = 4; lastKnownFileType = sourcecode.c.objc; path = EegeoMapsContainerViewController.m; sourceTree = "<group>"; };
		18A481741B7E1DD50038FB8A /* custom_annotation_image.png */ = {isa = PBXFileReference; lastKnownFileType = image.png; path = custom_annotation_image.png; sourceTree = "<group>"; };
		18A481781B7E22CB0038FB8A /* AppleCustomAnnotationView.h */ = {isa = PBXFileReference; fileEncoding = 4; lastKnownFileType = sourcecode.c.h; path = AppleCustomAnnotationView.h; sourceTree = "<group>"; };
		18A481791B7E22CB0038FB8A /* AppleCustomAnnotationView.mm */ = {isa = PBXFileReference; fileEncoding = 4; lastKnownFileType = sourcecode.cpp.objcpp; path = AppleCustomAnnotationView.mm; sourceTree = "<group>"; };
		18A4817A1B7E22CB0038FB8A /* AppleCustomAnnotationView.xib */ = {isa = PBXFileReference; fileEncoding = 4; lastKnownFileType = file.xib; path = AppleCustomAnnotationView.xib; sourceTree = "<group>"; };
		18A4817B1B7E22CB0038FB8A /* EegeoCustomAnnotationView.h */ = {isa = PBXFileReference; fileEncoding = 4; lastKnownFileType = sourcecode.c.h; path = EegeoCustomAnnotationView.h; sourceTree = "<group>"; };
		18A4817C1B7E22CB0038FB8A /* EegeoCustomAnnotationView.mm */ = {isa = PBXFileReference; fileEncoding = 4; lastKnownFileType = sourcecode.cpp.objcpp; path = EegeoCustomAnnotationView.mm; sourceTree = "<group>"; };
		18A4817D1B7E22CB0038FB8A /* EegeoCustomAnnotationView.xib */ = {isa = PBXFileReference; fileEncoding = 4; lastKnownFileType = file.xib; path = EegeoCustomAnnotationView.xib; sourceTree = "<group>"; };
		18A87A021B83663900AAAC09 /* MainViewController.m */ = {isa = PBXFileReference; fileEncoding = 4; lastKnownFileType = sourcecode.c.objc; path = MainViewController.m; sourceTree = "<group>"; };
		18A87A051B83665900AAAC09 /* MainViewController.h */ = {isa = PBXFileReference; lastKnownFileType = sourcecode.c.h; path = MainViewController.h; sourceTree = "<group>"; };
		18D1D343194A057200FAA1B9 /* FrankBold50_A8_icons_0.png */ = {isa = PBXFileReference; lastKnownFileType = image.png; path = FrankBold50_A8_icons_0.png; sourceTree = "<group>"; };
		18D1D344194A057200FAA1B9 /* FrankBold50_A8_icons.fnt */ = {isa = PBXFileReference; fileEncoding = 4; lastKnownFileType = text; path = FrankBold50_A8_icons.fnt; sourceTree = "<group>"; };
		18D1D348194A057200FAA1B9 /* pins_example */ = {isa = PBXFileReference; lastKnownFileType = folder; path = pins_example; sourceTree = "<group>"; };
		18D1D34A194A057200FAA1B9 /* placeholder.pvr */ = {isa = PBXFileReference; lastKnownFileType = file; path = placeholder.pvr; sourceTree = "<group>"; };
		18F578011C2316BE007E1A1F /* DejaVuSansBold_0.png */ = {isa = PBXFileReference; lastKnownFileType = image.png; path = DejaVuSansBold_0.png; sourceTree = "<group>"; };
		18F578021C2316BE007E1A1F /* DejaVuSansBold.fnt */ = {isa = PBXFileReference; fileEncoding = 4; lastKnownFileType = text; path = DejaVuSansBold.fnt; sourceTree = "<group>"; };
		1C38D7CDD1B632A7F282D1B3 /* Pods.debug.xcconfig */ = {isa = PBXFileReference; includeInIndex = 1; lastKnownFileType = text.xcconfig; name = Pods.debug.xcconfig; path = "Pods/Target Support Files/Pods/Pods.debug.xcconfig"; sourceTree = "<group>"; };
		222E06C91948B08B0004FFD9 /* eeGeoApiExampleApp.app */ = {isa = PBXFileReference; explicitFileType = wrapper.application; includeInIndex = 0; path = eeGeoApiExampleApp.app; sourceTree = BUILT_PRODUCTS_DIR; };
		3A3A7DA41D47715F00296F45 /* default_water_reflection_cube_map_negX.png */ = {isa = PBXFileReference; lastKnownFileType = image.png; path = default_water_reflection_cube_map_negX.png; sourceTree = "<group>"; };
		3A3A7DA51D47715F00296F45 /* default_water_reflection_cube_map_negY.png */ = {isa = PBXFileReference; lastKnownFileType = image.png; path = default_water_reflection_cube_map_negY.png; sourceTree = "<group>"; };
		3A3A7DA61D47715F00296F45 /* default_water_reflection_cube_map_negZ.png */ = {isa = PBXFileReference; lastKnownFileType = image.png; path = default_water_reflection_cube_map_negZ.png; sourceTree = "<group>"; };
		3A3A7DA71D47715F00296F45 /* default_water_reflection_cube_map_posX.png */ = {isa = PBXFileReference; lastKnownFileType = image.png; path = default_water_reflection_cube_map_posX.png; sourceTree = "<group>"; };
		3A3A7DA81D47715F00296F45 /* default_water_reflection_cube_map_posY.png */ = {isa = PBXFileReference; lastKnownFileType = image.png; path = default_water_reflection_cube_map_posY.png; sourceTree = "<group>"; };
		3A3A7DA91D47715F00296F45 /* default_water_reflection_cube_map_posZ.png */ = {isa = PBXFileReference; lastKnownFileType = image.png; path = default_water_reflection_cube_map_posZ.png; sourceTree = "<group>"; };
		7EE481EA16836F370006E99B /* UIKit.framework */ = {isa = PBXFileReference; lastKnownFileType = wrapper.framework; name = UIKit.framework; path = System/Library/Frameworks/UIKit.framework; sourceTree = SDKROOT; };
		7EE481EC16836F370006E99B /* Foundation.framework */ = {isa = PBXFileReference; lastKnownFileType = wrapper.framework; name = Foundation.framework; path = System/Library/Frameworks/Foundation.framework; sourceTree = SDKROOT; };
		7EE481EE16836F370006E99B /* CoreGraphics.framework */ = {isa = PBXFileReference; lastKnownFileType = wrapper.framework; name = CoreGraphics.framework; path = System/Library/Frameworks/CoreGraphics.framework; sourceTree = SDKROOT; };
		7EE481F016836F370006E99B /* CoreData.framework */ = {isa = PBXFileReference; lastKnownFileType = wrapper.framework; name = CoreData.framework; path = System/Library/Frameworks/CoreData.framework; sourceTree = SDKROOT; };
		7EE481F416836F370006E99B /* eeGeoApiExample-Info.plist */ = {isa = PBXFileReference; lastKnownFileType = text.plist.xml; path = "eeGeoApiExample-Info.plist"; sourceTree = "<group>"; };
		7EE481F616836F370006E99B /* en */ = {isa = PBXFileReference; lastKnownFileType = text.plist.strings; name = en; path = en.lproj/InfoPlist.strings; sourceTree = "<group>"; };
		7EE481FA16836F370006E99B /* eeGeoApiExample-Prefix.pch */ = {isa = PBXFileReference; lastKnownFileType = sourcecode.c.h; path = "eeGeoApiExample-Prefix.pch"; sourceTree = "<group>"; };
		7EE4820D1683713B0006E99B /* en */ = {isa = PBXFileReference; lastKnownFileType = file.storyboard; name = en; path = en.lproj/MainStoryboard_iPhone.storyboard; sourceTree = "<group>"; };
		7EE48210168371460006E99B /* en */ = {isa = PBXFileReference; lastKnownFileType = file.storyboard; name = en; path = en.lproj/MainStoryboard_iPad.storyboard; sourceTree = "<group>"; };
		7EE48224168373E20006E99B /* libturbojpeg.a */ = {isa = PBXFileReference; explicitFileType = "compiled.mach-o.objfile"; name = libturbojpeg.a; path = Include/libturbojpeg.a; sourceTree = "<group>"; };
		7EE4824B168476BA0006E99B /* GLKit.framework */ = {isa = PBXFileReference; lastKnownFileType = wrapper.framework; name = GLKit.framework; path = System/Library/Frameworks/GLKit.framework; sourceTree = SDKROOT; };
		7EE4824C168476BA0006E99B /* OpenGLES.framework */ = {isa = PBXFileReference; lastKnownFileType = wrapper.framework; name = OpenGLES.framework; path = System/Library/Frameworks/OpenGLES.framework; sourceTree = SDKROOT; };
		7EE48250168476EC0006E99B /* CFNetwork.framework */ = {isa = PBXFileReference; lastKnownFileType = wrapper.framework; name = CFNetwork.framework; path = System/Library/Frameworks/CFNetwork.framework; sourceTree = SDKROOT; };
		7EE48252168477510006E99B /* SystemConfiguration.framework */ = {isa = PBXFileReference; lastKnownFileType = wrapper.framework; name = SystemConfiguration.framework; path = System/Library/Frameworks/SystemConfiguration.framework; sourceTree = SDKROOT; };
		7EE48255168477A80006E99B /* MobileCoreServices.framework */ = {isa = PBXFileReference; lastKnownFileType = wrapper.framework; name = MobileCoreServices.framework; path = System/Library/Frameworks/MobileCoreServices.framework; sourceTree = SDKROOT; };
		7EE48257168477CB0006E99B /* libz.dylib */ = {isa = PBXFileReference; lastKnownFileType = "compiled.mach-o.dylib"; name = libz.dylib; path = usr/lib/libz.dylib; sourceTree = SDKROOT; };
		7EF5D8641737F9A40049D787 /* CoreLocation.framework */ = {isa = PBXFileReference; lastKnownFileType = wrapper.framework; name = CoreLocation.framework; path = System/Library/Frameworks/CoreLocation.framework; sourceTree = SDKROOT; };
		80DCB6A56F78BCAF27DCDCE0 /* Pods-eeGeoApiExample.debug.xcconfig */ = {isa = PBXFileReference; includeInIndex = 1; lastKnownFileType = text.xcconfig; name = "Pods-eeGeoApiExample.debug.xcconfig"; path = "Pods/Target Support Files/Pods-eeGeoApiExample/Pods-eeGeoApiExample.debug.xcconfig"; sourceTree = "<group>"; };
		95ED32185C62846F1653A851 /* Pods-SDKSamplesAppCpp11.release.xcconfig */ = {isa = PBXFileReference; includeInIndex = 1; lastKnownFileType = text.xcconfig; name = "Pods-SDKSamplesAppCpp11.release.xcconfig"; path = "Pods/Target Support Files/Pods-SDKSamplesAppCpp11/Pods-SDKSamplesAppCpp11.release.xcconfig"; sourceTree = "<group>"; };
		9E71FE594D2ACE87B985B23A /* Pods-SDKSamplesApp.release.xcconfig */ = {isa = PBXFileReference; includeInIndex = 1; lastKnownFileType = text.xcconfig; name = "Pods-SDKSamplesApp.release.xcconfig"; path = "Pods/Target Support Files/Pods-SDKSamplesApp/Pods-SDKSamplesApp.release.xcconfig"; sourceTree = "<group>"; };
		A54F20E415082A7836B13D0B /* libPods.a */ = {isa = PBXFileReference; explicitFileType = archive.ar; includeInIndex = 0; path = libPods.a; sourceTree = BUILT_PRODUCTS_DIR; };
		D6E66CEDF73EA4746BEDFCCC /* Pods.release.xcconfig */ = {isa = PBXFileReference; includeInIndex = 1; lastKnownFileType = text.xcconfig; name = Pods.release.xcconfig; path = "Pods/Target Support Files/Pods/Pods.release.xcconfig"; sourceTree = "<group>"; };
		E096AE1919F670F100C3D04A /* Images.xcassets */ = {isa = PBXFileReference; lastKnownFileType = folder.assetcatalog; path = Images.xcassets; sourceTree = "<group>"; };
		E096AE1B19F6713300C3D04A /* SplashScreen-1024x768.png */ = {isa = PBXFileReference; lastKnownFileType = image.png; path = "SplashScreen-1024x768.png"; sourceTree = "<group>"; };
		E14F9971CBF128659F200EDA /* libPods-eeGeoApiExample.a */ = {isa = PBXFileReference; explicitFileType = archive.ar; includeInIndex = 0; path = "libPods-eeGeoApiExample.a"; sourceTree = BUILT_PRODUCTS_DIR; };
		EDE2AEAA4A1A71DF68413712 /* Pods-eeGeoApiExample.release.xcconfig */ = {isa = PBXFileReference; includeInIndex = 1; lastKnownFileType = text.xcconfig; name = "Pods-eeGeoApiExample.release.xcconfig"; path = "Pods/Target Support Files/Pods-eeGeoApiExample/Pods-eeGeoApiExample.release.xcconfig"; sourceTree = "<group>"; };
		EEF1AD4DC705AFF2ADBB59BD /* Pods-SDKSamplesAppCpp11.debug.xcconfig */ = {isa = PBXFileReference; includeInIndex = 1; lastKnownFileType = text.xcconfig; name = "Pods-SDKSamplesAppCpp11.debug.xcconfig"; path = "Pods/Target Support Files/Pods-SDKSamplesAppCpp11/Pods-SDKSamplesAppCpp11.debug.xcconfig"; sourceTree = "<group>"; };
		F3B59B8F1D8ADBC80021493A /* embedded_manifest.bin */ = {isa = PBXFileReference; lastKnownFileType = archive.macbinary; path = embedded_manifest.bin; sourceTree = "<group>"; };
/* End PBXFileReference section */

/* Begin PBXFrameworksBuildPhase section */
		222E06891948B08B0004FFD9 /* Frameworks */ = {
			isa = PBXFrameworksBuildPhase;
			buildActionMask = 2147483647;
			files = (
				1890C03F1B551C190037F289 /* MapKit.framework in Frameworks */,
				222E068C1948B08B0004FFD9 /* CoreLocation.framework in Frameworks */,
				222E068D1948B08B0004FFD9 /* libz.dylib in Frameworks */,
				222E068E1948B08B0004FFD9 /* MobileCoreServices.framework in Frameworks */,
				222E068F1948B08B0004FFD9 /* SystemConfiguration.framework in Frameworks */,
				222E06901948B08B0004FFD9 /* CFNetwork.framework in Frameworks */,
				222E06911948B08B0004FFD9 /* GLKit.framework in Frameworks */,
				222E06921948B08B0004FFD9 /* OpenGLES.framework in Frameworks */,
				222E06931948B08B0004FFD9 /* UIKit.framework in Frameworks */,
				222E06941948B08B0004FFD9 /* Foundation.framework in Frameworks */,
				222E06951948B08B0004FFD9 /* CoreGraphics.framework in Frameworks */,
				222E06961948B08B0004FFD9 /* CoreData.framework in Frameworks */,
				A1D56150BAD92A3D4CA2D5F8 /* libPods-eeGeoApiExample.a in Frameworks */,
			);
			runOnlyForDeploymentPostprocessing = 0;
		};
/* End PBXFrameworksBuildPhase section */

/* Begin PBXGroup section */
		18A481771B7E22CB0038FB8A /* CustomViews */ = {
			isa = PBXGroup;
			children = (
				18A481781B7E22CB0038FB8A /* AppleCustomAnnotationView.h */,
				18A481791B7E22CB0038FB8A /* AppleCustomAnnotationView.mm */,
				18A4817A1B7E22CB0038FB8A /* AppleCustomAnnotationView.xib */,
				18A4817B1B7E22CB0038FB8A /* EegeoCustomAnnotationView.h */,
				18A4817C1B7E22CB0038FB8A /* EegeoCustomAnnotationView.mm */,
				18A4817D1B7E22CB0038FB8A /* EegeoCustomAnnotationView.xib */,
			);
			path = CustomViews;
			sourceTree = "<group>";
		};
		18D1D363194A0EA000FAA1B9 /* platform_assets */ = {
			isa = PBXGroup;
			children = (
				E096AE1B19F6713300C3D04A /* SplashScreen-1024x768.png */,
				18D1D34A194A057200FAA1B9 /* placeholder.pvr */,
				18D1D343194A057200FAA1B9 /* FrankBold50_A8_icons_0.png */,
				18D1D344194A057200FAA1B9 /* FrankBold50_A8_icons.fnt */,
			);
			name = platform_assets;
			sourceTree = "<group>";
		};
		7EE481DB16836F360006E99B = {
			isa = PBXGroup;
			children = (
				186943861B4ED0DA00B8776D /* Podfile */,
				7EF5D8641737F9A40049D787 /* CoreLocation.framework */,
				7EE4825B16847E7C0006E99B /* Resources */,
				7EE481F216836F370006E99B /* ExampleApp */,
				7EE481E916836F370006E99B /* Frameworks */,
				7EE481E716836F370006E99B /* Products */,
				FAA92A794079F952FD543B21 /* Pods */,
			);
			sourceTree = "<group>";
		};
		7EE481E716836F370006E99B /* Products */ = {
			isa = PBXGroup;
			children = (
				222E06C91948B08B0004FFD9 /* eeGeoApiExampleApp.app */,
			);
			name = Products;
			sourceTree = "<group>";
		};
		7EE481E916836F370006E99B /* Frameworks */ = {
			isa = PBXGroup;
			children = (
				186943841B4ED01E00B8776D /* MapKit.framework */,
				184ED7121B4D6F6B00CCF43F /* QuartzCore.framework */,
				7EE48257168477CB0006E99B /* libz.dylib */,
				7EE48255168477A80006E99B /* MobileCoreServices.framework */,
				7EE48252168477510006E99B /* SystemConfiguration.framework */,
				7EE48250168476EC0006E99B /* CFNetwork.framework */,
				7EE4824B168476BA0006E99B /* GLKit.framework */,
				7EE4824C168476BA0006E99B /* OpenGLES.framework */,
				7EE48224168373E20006E99B /* libturbojpeg.a */,
				7EE481EA16836F370006E99B /* UIKit.framework */,
				7EE481EC16836F370006E99B /* Foundation.framework */,
				7EE481EE16836F370006E99B /* CoreGraphics.framework */,
				7EE481F016836F370006E99B /* CoreData.framework */,
				A54F20E415082A7836B13D0B /* libPods.a */,
				E14F9971CBF128659F200EDA /* libPods-eeGeoApiExample.a */,
			);
			name = Frameworks;
			sourceTree = "<group>";
		};
		7EE481F216836F370006E99B /* ExampleApp */ = {
			isa = PBXGroup;
			children = (
				18A481771B7E22CB0038FB8A /* CustomViews */,
				18A87A051B83665900AAAC09 /* MainViewController.h */,
				18A87A021B83663900AAAC09 /* MainViewController.m */,
				18574CFA1B8491EB002EDABB /* MapContainerDelegate.h */,
				1890C0481B5657D00037F289 /* GoogleMapsContainerViewController.h */,
				1890C0451B5657BD0037F289 /* GoogleMapsContainerViewController.m */,
				1890C0501B5670D30037F289 /* AppleMapsContainerViewController.h */,
				1890C04D1B5670C60037F289 /* AppleMapsContainerViewController.m */,
				1890C0511B56718A0037F289 /* EegeoMapsContainerViewController.h */,
				1890C0521B5671B80037F289 /* EegeoMapsContainerViewController.m */,
				E096AE1919F670F100C3D04A /* Images.xcassets */,
				7EE481F316836F370006E99B /* Supporting Files */,
			);
			path = ExampleApp;
			sourceTree = "<group>";
		};
		7EE481F316836F370006E99B /* Supporting Files */ = {
			isa = PBXGroup;
			children = (
				7EE4820F168371460006E99B /* MainStoryboard_iPad.storyboard */,
				7EE4820C1683713B0006E99B /* MainStoryboard_iPhone.storyboard */,
				183ED1BD1B4C378200B68A82 /* Main.m */,
				183856811B8CAE3F005D7CC9 /* AppDelegate.h */,
				7EE481F416836F370006E99B /* eeGeoApiExample-Info.plist */,
				7EE481F516836F370006E99B /* InfoPlist.strings */,
				7EE481FA16836F370006E99B /* eeGeoApiExample-Prefix.pch */,
			);
			name = "Supporting Files";
			sourceTree = "<group>";
		};
		7EE4825B16847E7C0006E99B /* Resources */ = {
			isa = PBXGroup;
			children = (
				3A3A7DA41D47715F00296F45 /* default_water_reflection_cube_map_negX.png */,
				3A3A7DA51D47715F00296F45 /* default_water_reflection_cube_map_negY.png */,
				3A3A7DA61D47715F00296F45 /* default_water_reflection_cube_map_negZ.png */,
				3A3A7DA71D47715F00296F45 /* default_water_reflection_cube_map_posX.png */,
				3A3A7DA81D47715F00296F45 /* default_water_reflection_cube_map_posY.png */,
				3A3A7DA91D47715F00296F45 /* default_water_reflection_cube_map_posZ.png */,
				1882657C1C4CD74600EAF1F8 /* Textures */,
				18F578011C2316BE007E1A1F /* DejaVuSansBold_0.png */,
				18F578021C2316BE007E1A1F /* DejaVuSansBold.fnt */,
				F3B59B8F1D8ADBC80021493A /* embedded_manifest.bin */,
				18A481741B7E1DD50038FB8A /* custom_annotation_image.png */,
				18D1D348194A057200FAA1B9 /* pins_example */,
				18D1D363194A0EA000FAA1B9 /* platform_assets */,
			);
			path = Resources;
			sourceTree = "<group>";
		};
		FAA92A794079F952FD543B21 /* Pods */ = {
			isa = PBXGroup;
			children = (
				1C38D7CDD1B632A7F282D1B3 /* Pods.debug.xcconfig */,
				D6E66CEDF73EA4746BEDFCCC /* Pods.release.xcconfig */,
				EEF1AD4DC705AFF2ADBB59BD /* Pods-SDKSamplesAppCpp11.debug.xcconfig */,
				95ED32185C62846F1653A851 /* Pods-SDKSamplesAppCpp11.release.xcconfig */,
				0B5C8EC9C89CE215E1C6A17B /* Pods-SDKSamplesApp.debug.xcconfig */,
				9E71FE594D2ACE87B985B23A /* Pods-SDKSamplesApp.release.xcconfig */,
				80DCB6A56F78BCAF27DCDCE0 /* Pods-eeGeoApiExample.debug.xcconfig */,
				EDE2AEAA4A1A71DF68413712 /* Pods-eeGeoApiExample.release.xcconfig */,
			);
			name = Pods;
			sourceTree = "<group>";
		};
/* End PBXGroup section */

/* Begin PBXNativeTarget section */
		222E06471948B08B0004FFD9 /* eeGeoApiExample */ = {
			isa = PBXNativeTarget;
			buildConfigurationList = 222E06C61948B08B0004FFD9 /* Build configuration list for PBXNativeTarget "eeGeoApiExample" */;
			buildPhases = (
				EE690FBCD7BD58995880ECB5 /* [CP] Check Pods Manifest.lock */,
				222E06481948B08B0004FFD9 /* Sources */,
				222E06891948B08B0004FFD9 /* Frameworks */,
				222E06981948B08B0004FFD9 /* Resources */,
				840F8EA23729B8DDDA377C35 /* [CP] Copy Pods Resources */,
				F3153A495EC66721793B3C14 /* [CP] Embed Pods Frameworks */,
			);
			buildRules = (
			);
			dependencies = (
			);
			name = eeGeoApiExample;
			productName = ExampleApp;
			productReference = 222E06C91948B08B0004FFD9 /* eeGeoApiExampleApp.app */;
			productType = "com.apple.product-type.application";
		};
/* End PBXNativeTarget section */

/* Begin PBXProject section */
		7EE481DD16836F360006E99B /* Project object */ = {
			isa = PBXProject;
			attributes = {
				LastUpgradeCheck = 0600;
				ORGANIZATIONNAME = eeGeo;
			};
			buildConfigurationList = 7EE481E016836F360006E99B /* Build configuration list for PBXProject "eeGeoApiExample" */;
			compatibilityVersion = "Xcode 3.2";
			developmentRegion = English;
			hasScannedForEncodings = 0;
			knownRegions = (
				en,
			);
			mainGroup = 7EE481DB16836F360006E99B;
			productRefGroup = 7EE481E716836F370006E99B /* Products */;
			projectDirPath = "";
			projectRoot = "";
			targets = (
				222E06471948B08B0004FFD9 /* eeGeoApiExample */,
			);
		};
/* End PBXProject section */

/* Begin PBXResourcesBuildPhase section */
		222E06981948B08B0004FFD9 /* Resources */ = {
			isa = PBXResourcesBuildPhase;
			buildActionMask = 2147483647;
			files = (
				186D2936196D9E4B00E004E0 /* placeholder.pvr in Resources */,
				18F578031C2316BE007E1A1F /* DejaVuSansBold_0.png in Resources */,
				186D2937196D9E4B00E004E0 /* FrankBold50_A8_icons_0.png in Resources */,
				3A3A7DAF1D47715F00296F45 /* default_water_reflection_cube_map_posZ.png in Resources */,
				3A3A7DAB1D47715F00296F45 /* default_water_reflection_cube_map_negY.png in Resources */,
				18F578041C2316BE007E1A1F /* DejaVuSansBold.fnt in Resources */,
				186D2938196D9E4B00E004E0 /* FrankBold50_A8_icons.fnt in Resources */,
				186943881B4ED0DA00B8776D /* Podfile in Resources */,
				186D293B196D9E4B00E004E0 /* pins_example in Resources */,
				3A3A7DAC1D47715F00296F45 /* default_water_reflection_cube_map_negZ.png in Resources */,
				3A3A7DAD1D47715F00296F45 /* default_water_reflection_cube_map_posX.png in Resources */,
				18A481851B7E22CB0038FB8A /* EegeoCustomAnnotationView.xib in Resources */,
				18A481761B7E1DD50038FB8A /* custom_annotation_image.png in Resources */,
				E0B9CF9319F697090012D0B4 /* Images.xcassets in Resources */,
				E096AE1D19F6713300C3D04A /* SplashScreen-1024x768.png in Resources */,
				222E06991948B08B0004FFD9 /* InfoPlist.strings in Resources */,
				3A3A7DAA1D47715F00296F45 /* default_water_reflection_cube_map_negX.png in Resources */,
				18A481811B7E22CB0038FB8A /* AppleCustomAnnotationView.xib in Resources */,
				222E069A1948B08B0004FFD9 /* MainStoryboard_iPhone.storyboard in Resources */,
				F3B59B901D8ADBC80021493A /* embedded_manifest.bin in Resources */,
				1882657D1C4CD74600EAF1F8 /* Textures in Resources */,
				3A3A7DAE1D47715F00296F45 /* default_water_reflection_cube_map_posY.png in Resources */,
				222E069B1948B08B0004FFD9 /* MainStoryboard_iPad.storyboard in Resources */,
			);
			runOnlyForDeploymentPostprocessing = 0;
		};
/* End PBXResourcesBuildPhase section */

/* Begin PBXShellScriptBuildPhase section */
		840F8EA23729B8DDDA377C35 /* [CP] Copy Pods Resources */ = {
			isa = PBXShellScriptBuildPhase;
			buildActionMask = 2147483647;
			files = (
			);
			inputPaths = (
			);
			name = "[CP] Copy Pods Resources";
			outputPaths = (
			);
			runOnlyForDeploymentPostprocessing = 0;
			shellPath = /bin/sh;
			shellScript = "\"${SRCROOT}/Pods/Target Support Files/Pods-eeGeoApiExample/Pods-eeGeoApiExample-resources.sh\"\n";
			showEnvVarsInLog = 0;
		};
		EE690FBCD7BD58995880ECB5 /* [CP] Check Pods Manifest.lock */ = {
			isa = PBXShellScriptBuildPhase;
			buildActionMask = 2147483647;
			files = (
			);
			inputPaths = (
			);
			name = "[CP] Check Pods Manifest.lock";
			outputPaths = (
			);
			runOnlyForDeploymentPostprocessing = 0;
			shellPath = /bin/sh;
			shellScript = "diff \"${PODS_ROOT}/../Podfile.lock\" \"${PODS_ROOT}/Manifest.lock\" > /dev/null\nif [[ $? != 0 ]] ; then\n    cat << EOM\nerror: The sandbox is not in sync with the Podfile.lock. Run 'pod install' or update your CocoaPods installation.\nEOM\n    exit 1\nfi\n";
			showEnvVarsInLog = 0;
		};
		F3153A495EC66721793B3C14 /* [CP] Embed Pods Frameworks */ = {
			isa = PBXShellScriptBuildPhase;
			buildActionMask = 2147483647;
			files = (
			);
			inputPaths = (
			);
			name = "[CP] Embed Pods Frameworks";
			outputPaths = (
			);
			runOnlyForDeploymentPostprocessing = 0;
			shellPath = /bin/sh;
			shellScript = "\"${SRCROOT}/Pods/Target Support Files/Pods-eeGeoApiExample/Pods-eeGeoApiExample-frameworks.sh\"\n";
			showEnvVarsInLog = 0;
		};
/* End PBXShellScriptBuildPhase section */

/* Begin PBXSourcesBuildPhase section */
		222E06481948B08B0004FFD9 /* Sources */ = {
			isa = PBXSourcesBuildPhase;
			buildActionMask = 2147483647;
			files = (
				1890C04F1B5670C60037F289 /* AppleMapsContainerViewController.m in Sources */,
				1890C0541B5671B80037F289 /* EegeoMapsContainerViewController.m in Sources */,
				18A87A041B83663900AAAC09 /* MainViewController.m in Sources */,
				183ED1C11B4C378200B68A82 /* Main.m in Sources */,
				18A481831B7E22CB0038FB8A /* EegeoCustomAnnotationView.mm in Sources */,
				1890C0471B5657BD0037F289 /* GoogleMapsContainerViewController.m in Sources */,
				18A4817F1B7E22CB0038FB8A /* AppleCustomAnnotationView.mm in Sources */,
			);
			runOnlyForDeploymentPostprocessing = 0;
		};
/* End PBXSourcesBuildPhase section */

/* Begin PBXVariantGroup section */
		7EE481F516836F370006E99B /* InfoPlist.strings */ = {
			isa = PBXVariantGroup;
			children = (
				7EE481F616836F370006E99B /* en */,
			);
			name = InfoPlist.strings;
			sourceTree = "<group>";
		};
		7EE4820C1683713B0006E99B /* MainStoryboard_iPhone.storyboard */ = {
			isa = PBXVariantGroup;
			children = (
				7EE4820D1683713B0006E99B /* en */,
			);
			name = MainStoryboard_iPhone.storyboard;
			sourceTree = "<group>";
		};
		7EE4820F168371460006E99B /* MainStoryboard_iPad.storyboard */ = {
			isa = PBXVariantGroup;
			children = (
				7EE48210168371460006E99B /* en */,
			);
			name = MainStoryboard_iPad.storyboard;
			sourceTree = "<group>";
		};
/* End PBXVariantGroup section */

/* Begin XCBuildConfiguration section */
		222E06C71948B08B0004FFD9 /* Debug */ = {
			isa = XCBuildConfiguration;
			baseConfigurationReference = 80DCB6A56F78BCAF27DCDCE0 /* Pods-eeGeoApiExample.debug.xcconfig */;
			buildSettings = {
				ALWAYS_SEARCH_USER_PATHS = YES;
				ASSETCATALOG_COMPILER_APPICON_NAME = AppIcon;
				ASSETCATALOG_COMPILER_LAUNCHIMAGE_NAME = LaunchImage;
				CLANG_CXX_LANGUAGE_STANDARD = "c++11";
				CLANG_CXX_LIBRARY = "libc++";
				CLANG_ENABLE_MODULES = YES;
				CODE_SIGN_IDENTITY = "iPhone Developer";
				"CODE_SIGN_IDENTITY[sdk=iphoneos*]" = "iPhone Developer";
				FRAMEWORK_SEARCH_PATHS = "$(inherited)";
				GCC_PRECOMPILE_PREFIX_HEADER = YES;
				GCC_PREFIX_HEADER = "ExampleApp/eeGeoApiExample-Prefix.pch";
				HEADER_SEARCH_PATHS = "$(inherited)";
				INFOPLIST_FILE = "ExampleApp/eeGeoApiExample-Info.plist";
				LIBRARY_SEARCH_PATHS = "$(inherited) ";
				ONLY_ACTIVE_ARCH = YES;
				OTHER_CPLUSPLUSFLAGS = (
					"$(inherited)",
					"-DCOMPILE_CPP_11",
				);
				PRODUCT_NAME = eeGeoApiExampleApp;
				PROVISIONING_PROFILE = "";
				WRAPPER_EXTENSION = app;
			};
			name = Debug;
		};
		222E06C81948B08B0004FFD9 /* Release */ = {
			isa = XCBuildConfiguration;
			baseConfigurationReference = EDE2AEAA4A1A71DF68413712 /* Pods-eeGeoApiExample.release.xcconfig */;
			buildSettings = {
				ALWAYS_SEARCH_USER_PATHS = YES;
				ASSETCATALOG_COMPILER_APPICON_NAME = AppIcon;
				ASSETCATALOG_COMPILER_LAUNCHIMAGE_NAME = LaunchImage;
				CLANG_CXX_LANGUAGE_STANDARD = "c++11";
				CLANG_CXX_LIBRARY = "libc++";
				CLANG_ENABLE_MODULES = YES;
				CODE_SIGN_IDENTITY = "iPhone Developer";
				"CODE_SIGN_IDENTITY[sdk=iphoneos*]" = "iPhone Developer";
				FRAMEWORK_SEARCH_PATHS = "$(inherited)";
				GCC_PRECOMPILE_PREFIX_HEADER = YES;
				GCC_PREFIX_HEADER = "ExampleApp/eeGeoApiExample-Prefix.pch";
				HEADER_SEARCH_PATHS = "$(inherited)";
				INFOPLIST_FILE = "ExampleApp/eeGeoApiExample-Info.plist";
				LIBRARY_SEARCH_PATHS = "$(inherited) ";
				ONLY_ACTIVE_ARCH = YES;
				OTHER_CPLUSPLUSFLAGS = (
					"$(inherited)",
					"-DCOMPILE_CPP_11",
				);
				PRODUCT_NAME = eeGeoApiExampleApp;
				PROVISIONING_PROFILE = "";
				WRAPPER_EXTENSION = app;
			};
			name = Release;
		};
		7EE4820716836F370006E99B /* Debug */ = {
			isa = XCBuildConfiguration;
			buildSettings = {
				ALWAYS_SEARCH_USER_PATHS = NO;
				CLANG_CXX_LANGUAGE_STANDARD = "$(inherited)";
				CLANG_CXX_LIBRARY = "$(inherited)";
				CLANG_WARN_EMPTY_BODY = YES;
				CLANG_WARN_SUSPICIOUS_IMPLICIT_CONVERSION = YES;
				CLANG_WARN_UNREACHABLE_CODE = YES;
				CLANG_WARN__DUPLICATE_METHOD_MATCH = YES;
				COPY_PHASE_STRIP = NO;
				ENABLE_BITCODE = NO;
				ENABLE_STRICT_OBJC_MSGSEND = YES;
				GCC_C_LANGUAGE_STANDARD = gnu99;
				GCC_DYNAMIC_NO_PIC = NO;
				GCC_OPTIMIZATION_LEVEL = 0;
				GCC_PREPROCESSOR_DEFINITIONS = (
					"DEBUG=1",
					"$(inherited)",
				);
				GCC_SYMBOLS_PRIVATE_EXTERN = NO;
				GCC_TREAT_INCOMPATIBLE_POINTER_TYPE_WARNINGS_AS_ERRORS = YES;
				GCC_VERSION = com.apple.compilers.llvm.clang.1_0;
				GCC_WARN_64_TO_32_BIT_CONVERSION = YES;
				GCC_WARN_ABOUT_RETURN_TYPE = YES;
				GCC_WARN_UNDECLARED_SELECTOR = YES;
				GCC_WARN_UNINITIALIZED_AUTOS = YES;
				GCC_WARN_UNUSED_FUNCTION = YES;
				GCC_WARN_UNUSED_VARIABLE = YES;
				HEADER_SEARCH_PATHS = "$(inherited)";
				IPHONEOS_DEPLOYMENT_TARGET = 6.0;
				ONLY_ACTIVE_ARCH = NO;
				SDKROOT = iphoneos;
				TARGETED_DEVICE_FAMILY = "1,2";
			};
			name = Debug;
		};
		7EE4820816836F370006E99B /* Release */ = {
			isa = XCBuildConfiguration;
			buildSettings = {
				ALWAYS_SEARCH_USER_PATHS = NO;
				CLANG_CXX_LANGUAGE_STANDARD = "$(inherited)";
				CLANG_CXX_LIBRARY = "$(inherited)";
				CLANG_WARN_EMPTY_BODY = YES;
				CLANG_WARN_SUSPICIOUS_IMPLICIT_CONVERSION = YES;
				CLANG_WARN_UNREACHABLE_CODE = YES;
				CLANG_WARN__DUPLICATE_METHOD_MATCH = YES;
				COPY_PHASE_STRIP = YES;
				ENABLE_BITCODE = NO;
				ENABLE_STRICT_OBJC_MSGSEND = YES;
				GCC_C_LANGUAGE_STANDARD = gnu99;
				GCC_OPTIMIZATION_LEVEL = s;
				GCC_PREPROCESSOR_DEFINITIONS = "";
				GCC_TREAT_INCOMPATIBLE_POINTER_TYPE_WARNINGS_AS_ERRORS = YES;
				GCC_VERSION = com.apple.compilers.llvm.clang.1_0;
				GCC_WARN_64_TO_32_BIT_CONVERSION = YES;
				GCC_WARN_ABOUT_RETURN_TYPE = YES;
				GCC_WARN_UNDECLARED_SELECTOR = YES;
				GCC_WARN_UNINITIALIZED_AUTOS = YES;
				GCC_WARN_UNUSED_FUNCTION = YES;
				GCC_WARN_UNUSED_VARIABLE = YES;
				HEADER_SEARCH_PATHS = "$(inherited)";
				IPHONEOS_DEPLOYMENT_TARGET = 6.0;
				ONLY_ACTIVE_ARCH = NO;
				OTHER_CFLAGS = "-DNS_BLOCK_ASSERTIONS=1";
				SDKROOT = iphoneos;
				TARGETED_DEVICE_FAMILY = "1,2";
				VALIDATE_PRODUCT = YES;
			};
			name = Release;
		};
/* End XCBuildConfiguration section */

/* Begin XCConfigurationList section */
		222E06C61948B08B0004FFD9 /* Build configuration list for PBXNativeTarget "eeGeoApiExample" */ = {
			isa = XCConfigurationList;
			buildConfigurations = (
				222E06C71948B08B0004FFD9 /* Debug */,
				222E06C81948B08B0004FFD9 /* Release */,
			);
			defaultConfigurationIsVisible = 0;
			defaultConfigurationName = Release;
		};
		7EE481E016836F360006E99B /* Build configuration list for PBXProject "eeGeoApiExample" */ = {
			isa = XCConfigurationList;
			buildConfigurations = (
				7EE4820716836F370006E99B /* Debug */,
				7EE4820816836F370006E99B /* Release */,
			);
			defaultConfigurationIsVisible = 0;
			defaultConfigurationName = Release;
		};
/* End XCConfigurationList section */
	};
	rootObject = 7EE481DD16836F360006E99B /* Project object */;
}
