// !$*UTF8*$!
{
	archiveVersion = 1;
	classes = {
	};
	objectVersion = 46;
	objects = {

/* Begin PBXBuildFile section */
		093BFBDB1EEEC56C00A727B3 /* AddPolygonIndoors.m in Sources */ = {isa = PBXBuildFile; fileRef = 093BFBDA1EEEC56C00A727B3 /* AddPolygonIndoors.m */; };
		2C27ECFF1EC220FF00A9E677 /* AddIndoorControl.m in Sources */ = {isa = PBXBuildFile; fileRef = 2C27ECFE1EC220FF00A9E677 /* AddIndoorControl.m */; };
		521807C21EC09F3E0070ACDD /* AddMarker.m in Sources */ = {isa = PBXBuildFile; fileRef = 521807C11EC09F3E0070ACDD /* AddMarker.m */; };
		521807C61EC0B1670070ACDD /* MarkerChangeDrawOrder.m in Sources */ = {isa = PBXBuildFile; fileRef = 521807C51EC0B1670070ACDD /* MarkerChangeDrawOrder.m */; };
		521807C91EC0B75B0070ACDD /* MarkerTappedNotification.m in Sources */ = {isa = PBXBuildFile; fileRef = 521807C81EC0B75B0070ACDD /* MarkerTappedNotification.m */; };
		65B6A4D420932FD800F17DEE /* PrecacheMapData.m in Sources */ = {isa = PBXBuildFile; fileRef = 65B6A4D320932FD800F17DEE /* PrecacheMapData.m */; };
		65B6A4E620A1FDC900F17DEE /* CancelPrecacheMapData.m in Sources */ = {isa = PBXBuildFile; fileRef = 65B6A4E420A1FDC800F17DEE /* CancelPrecacheMapData.m */; };
		6F47C7621FD596370071ECE5 /* LoadMapsceneExample.m in Sources */ = {isa = PBXBuildFile; fileRef = 6F47C7611FD596370071ECE5 /* LoadMapsceneExample.m */; };
		6F47C7631FD59B2E0071ECE5 /* Wrld.framework in Frameworks */ = {isa = PBXBuildFile; fileRef = 6F47C7641FD59B2E0071ECE5 /* Wrld.framework */; };
		6F47C7651FD59B330071ECE5 /* WrldWidgets.framework in Frameworks */ = {isa = PBXBuildFile; fileRef = 6F47C7661FD59B330071ECE5 /* WrldWidgets.framework */; };
		8BE2BD2F617DCB8FC15D19E4 /* Pods_ApiSamples.framework in Frameworks */ = {isa = PBXBuildFile; fileRef = A1211FA56F62A4E195678F32 /* Pods_ApiSamples.framework */; };
		A815479B1FA768100050F21E /* PositionerCallout.xib in Resources */ = {isa = PBXBuildFile; fileRef = A815479A1FA768100050F21E /* PositionerCallout.xib */; };
		A815479E1FA7747C0050F21E /* PositionerCallout.m in Sources */ = {isa = PBXBuildFile; fileRef = A815479D1FA7747C0050F21E /* PositionerCallout.m */; };
		A81ECBC91FA7853C003CFF29 /* PositionCodeCreatedViewOnMap.m in Sources */ = {isa = PBXBuildFile; fileRef = A81ECBC81FA7853C003CFF29 /* PositionCodeCreatedViewOnMap.m */; };
		A82B34751FB4AEE6009B21D3 /* SearchExample.m in Sources */ = {isa = PBXBuildFile; fileRef = A82B34741FB4AEE6009B21D3 /* SearchExample.m */; };
		A88643B11FA1FC3D001D65A0 /* PositionViewOnMap.m in Sources */ = {isa = PBXBuildFile; fileRef = A88643AF1FA1FC3D001D65A0 /* PositionViewOnMap.m */; };
		A8B5F6A61FB9AAB00015888E /* CancelSearch.m in Sources */ = {isa = PBXBuildFile; fileRef = A8B5F6A51FB9AAB00015888E /* CancelSearch.m */; };
		BB3CEC30203430FE00AF5235 /* HighlightIndoorMapEntities.m in Sources */ = {isa = PBXBuildFile; fileRef = BB3CEC2F203430FE00AF5235 /* HighlightIndoorMapEntities.m */; };
		BB3CEC332034357400AF5235 /* QueryIndoorMapEntities.m in Sources */ = {isa = PBXBuildFile; fileRef = BB3CEC322034357400AF5235 /* QueryIndoorMapEntities.m */; };
		BB6B6D7A1FD96A2F0070E78F /* FindOutdoorRoute.m in Sources */ = {isa = PBXBuildFile; fileRef = BB6B6D791FD96A2F0070E78F /* FindOutdoorRoute.m */; };
		BB6B6D7C1FD972280070E78F /* FindIndoorRoute.m in Sources */ = {isa = PBXBuildFile; fileRef = BB6B6D7B1FD972280070E78F /* FindIndoorRoute.m */; };
		BB6B6D7F1FDA4FFD0070E78F /* FindMultipartRoute.m in Sources */ = {isa = PBXBuildFile; fileRef = BB6B6D7E1FDA4FFD0070E78F /* FindMultipartRoute.m */; };
		BB6B6D821FDA54110070E78F /* CancelRoutingQuery.m in Sources */ = {isa = PBXBuildFile; fileRef = BB6B6D811FDA54110070E78F /* CancelRoutingQuery.m */; };
		BB6B6DC51FECD57C0070E78F /* AddBuildingHighlight.m in Sources */ = {isa = PBXBuildFile; fileRef = BB6B6DC41FECD57C0070E78F /* AddBuildingHighlight.m */; };
		BB6B6DC81FECDA930070E78F /* RemoveBuildingHighlight.m in Sources */ = {isa = PBXBuildFile; fileRef = BB6B6DC71FECDA930070E78F /* RemoveBuildingHighlight.m */; };
		BB6B6DCD1FECDF9C0070E78F /* QueryBuildingInformation.m in Sources */ = {isa = PBXBuildFile; fileRef = BB6B6DCC1FECDF9C0070E78F /* QueryBuildingInformation.m */; };
		BBFA4A2E2022DD1900124AF1 /* PickingBuildings.m in Sources */ = {isa = PBXBuildFile; fileRef = BBFA4A2D2022DD1900124AF1 /* PickingBuildings.m */; };
		BBFA4A382024317C00124AF1 /* PlaceObjectsOnBuildings.m in Sources */ = {isa = PBXBuildFile; fileRef = BBFA4A372024317C00124AF1 /* PlaceObjectsOnBuildings.m */; };
		D01B67551F31CC5100B164FB /* BlueSphereChangeHeading.m in Sources */ = {isa = PBXBuildFile; fileRef = D01B67541F31CC5100B164FB /* BlueSphereChangeHeading.m */; };
		D01B67571F31D2B900B164FB /* BlueSphereChangeElevation.m in Sources */ = {isa = PBXBuildFile; fileRef = D01B67561F31D2B900B164FB /* BlueSphereChangeElevation.m */; };
		D01B675B1F31D53800B164FB /* BlueSphereIndoors.m in Sources */ = {isa = PBXBuildFile; fileRef = D01B675A1F31D53800B164FB /* BlueSphereIndoors.m */; };
		D04429411EDED5B500F5AEEE /* AddPolygon.m in Sources */ = {isa = PBXBuildFile; fileRef = D04429401EDED5B500F5AEEE /* AddPolygon.m */; };
		D04429441EDEDCBB00F5AEEE /* PolygonWithInteriorPolygons.m in Sources */ = {isa = PBXBuildFile; fileRef = D04429431EDEDCBB00F5AEEE /* PolygonWithInteriorPolygons.m */; };
		D04429461EDEFCE800F5AEEE /* PolygonWithElevation.m in Sources */ = {isa = PBXBuildFile; fileRef = D04429451EDEFCE800F5AEEE /* PolygonWithElevation.m */; };
		D07F7C241F30CA6600956ACE /* BlueSphereChangeLocation.m in Sources */ = {isa = PBXBuildFile; fileRef = D07F7C231F30CA6600956ACE /* BlueSphereChangeLocation.m */; };
		D0959EA11FE2AAAC0023E444 /* MoveCameraToIndoor.m in Sources */ = {isa = PBXBuildFile; fileRef = D0959EA01FE2AAAC0023E444 /* MoveCameraToIndoor.m */; };
		D0959EA51FE2B61B0023E444 /* AnimateCameraToIndoor.m in Sources */ = {isa = PBXBuildFile; fileRef = D0959EA41FE2B61B0023E444 /* AnimateCameraToIndoor.m */; };
		D09B2CEF2008E0BC00162BCC /* RouteView.m in Sources */ = {isa = PBXBuildFile; fileRef = D09B2CEE2008E0BC00162BCC /* RouteView.m */; };
		D09B2D01200E23F800162BCC /* RouteViewStyle.m in Sources */ = {isa = PBXBuildFile; fileRef = D09B2D00200E23F800162BCC /* RouteViewStyle.m */; };
		D09B2D03200E243E00162BCC /* RouteViewMarkers.m in Sources */ = {isa = PBXBuildFile; fileRef = D09B2D02200E243E00162BCC /* RouteViewMarkers.m */; };
		D0AAB6491EBB4A6F00384605 /* AppDelegate.m in Sources */ = {isa = PBXBuildFile; fileRef = D0AAB6481EBB4A6F00384605 /* AppDelegate.m */; };
		D0AAB64B1EBB4BD400384605 /* SampleInfo.m in Sources */ = {isa = PBXBuildFile; fileRef = D0AAB64A1EBB4BD400384605 /* SampleInfo.m */; };
		D0AAB64E1EBB5C3F00384605 /* FrameCamera.m in Sources */ = {isa = PBXBuildFile; fileRef = D0AAB64D1EBB5C3F00384605 /* FrameCamera.m */; };
		D0AAB6541EBB6FCE00384605 /* AnimateCamera.m in Sources */ = {isa = PBXBuildFile; fileRef = D0AAB6531EBB6FCE00384605 /* AnimateCamera.m */; };
		D0AAB6691EC1C18000384605 /* MarkerChangeText.m in Sources */ = {isa = PBXBuildFile; fileRef = D0AAB6681EC1C18000384605 /* MarkerChangeText.m */; };
		D0AAB66C1EC1CF1500384605 /* MarkerChangeLocation.m in Sources */ = {isa = PBXBuildFile; fileRef = D0AAB66B1EC1CF1500384605 /* MarkerChangeLocation.m */; };
		D0AAB66F1EC1D19D00384605 /* MarkerCustomIcon.m in Sources */ = {isa = PBXBuildFile; fileRef = D0AAB66E1EC1D19D00384605 /* MarkerCustomIcon.m */; };
		D0AAB6721EC1E05400384605 /* MarkerWithAbsoluteAltitude.m in Sources */ = {isa = PBXBuildFile; fileRef = D0AAB6711EC1E05400384605 /* MarkerWithAbsoluteAltitude.m */; };
		D0AAB6751EC1F5BB00384605 /* MarkerWithElevation.m in Sources */ = {isa = PBXBuildFile; fileRef = D0AAB6741EC1F5BB00384605 /* MarkerWithElevation.m */; };
		D0AAB6771EC1FA3500384605 /* AddIndoorMarker.m in Sources */ = {isa = PBXBuildFile; fileRef = D0AAB6761EC1FA3500384605 /* AddIndoorMarker.m */; };
		D816100B01BF49FFC5903DA1 /* Pods_HelloWorld.framework in Frameworks */ = {isa = PBXBuildFile; fileRef = 2C77593C15EA7D89AD77295F /* Pods_HelloWorld.framework */; };
		E03E75EF1EBCC598004FBD8B /* main.m in Sources */ = {isa = PBXBuildFile; fileRef = E03E75EE1EBCC598004FBD8B /* main.m */; };
		E03E75F21EBCC598004FBD8B /* AppDelegate.m in Sources */ = {isa = PBXBuildFile; fileRef = E03E75F11EBCC598004FBD8B /* AppDelegate.m */; };
		E03E75F51EBCC598004FBD8B /* ViewController.m in Sources */ = {isa = PBXBuildFile; fileRef = E03E75F41EBCC598004FBD8B /* ViewController.m */; };
		E03E75F81EBCC598004FBD8B /* Main.storyboard in Resources */ = {isa = PBXBuildFile; fileRef = E03E75F61EBCC598004FBD8B /* Main.storyboard */; };
		E03E75FA1EBCC598004FBD8B /* Assets.xcassets in Resources */ = {isa = PBXBuildFile; fileRef = E03E75F91EBCC598004FBD8B /* Assets.xcassets */; };
		E03E75FD1EBCC598004FBD8B /* LaunchScreen.storyboard in Resources */ = {isa = PBXBuildFile; fileRef = E03E75FB1EBCC598004FBD8B /* LaunchScreen.storyboard */; };
		E04885961F39CC3D0031D631 /* AddPolyline.m in Sources */ = {isa = PBXBuildFile; fileRef = E04885941F39CC3D0031D631 /* AddPolyline.m */; };
		E04885971F39CC3D0031D631 /* AddPolylineIndoors.m in Sources */ = {isa = PBXBuildFile; fileRef = E04885951F39CC3D0031D631 /* AddPolylineIndoors.m */; };
		E0A48C061EBB8E7200DD387F /* SamplesMessage.m in Sources */ = {isa = PBXBuildFile; fileRef = E0A48C051EBB8E7200DD387F /* SamplesMessage.m */; };
		E0A48C091EBB927600DD387F /* InitialStreamingCompleteNotification.m in Sources */ = {isa = PBXBuildFile; fileRef = E0A48C081EBB927600DD387F /* InitialStreamingCompleteNotification.m */; };
		E0A48C0B1EBB95BF00DD387F /* BasicMap.m in Sources */ = {isa = PBXBuildFile; fileRef = E0A48C0A1EBB95BF00DD387F /* BasicMap.m */; };
		E0A48C421EBC81C500DD387F /* Localizable.strings in Resources */ = {isa = PBXBuildFile; fileRef = E0A48C3E1EBC81C500DD387F /* Localizable.strings */; };
		E0A48C431EBC81C500DD387F /* Main.storyboard in Resources */ = {isa = PBXBuildFile; fileRef = E0A48C401EBC81C500DD387F /* Main.storyboard */; };
		E0A5253B1EB73A7600504831 /* Assets.xcassets in Resources */ = {isa = PBXBuildFile; fileRef = E0A5252C1EB73A7600504831 /* Assets.xcassets */; };
		E0A5253F1EB73A7600504831 /* MainTableViewController.m in Sources */ = {isa = PBXBuildFile; fileRef = E0A525321EB73A7600504831 /* MainTableViewController.m */; };
		E0A525411EB73A7600504831 /* MoveCamera.m in Sources */ = {isa = PBXBuildFile; fileRef = E0A525371EB73A7600504831 /* MoveCamera.m */; };
		E0A525421EB73A7600504831 /* SamplesContainerViewController.m in Sources */ = {isa = PBXBuildFile; fileRef = E0A525391EB73A7600504831 /* SamplesContainerViewController.m */; };
		E0A525441EB73AF900504831 /* main.m in Sources */ = {isa = PBXBuildFile; fileRef = E0A525431EB73AF900504831 /* main.m */; };
		E0DEEA3E1ED3155000B6BD9A /* IndoorMapDisplayName.m in Sources */ = {isa = PBXBuildFile; fileRef = E0DEEA3D1ED3155000B6BD9A /* IndoorMapDisplayName.m */; };
		E0DEEA411ED316D000B6BD9A /* ExitIndoorMap.m in Sources */ = {isa = PBXBuildFile; fileRef = E0DEEA401ED316D000B6BD9A /* ExitIndoorMap.m */; };
		E0DEEA441ED327A600B6BD9A /* QueryCamera.m in Sources */ = {isa = PBXBuildFile; fileRef = E0DEEA431ED327A600B6BD9A /* QueryCamera.m */; };
		E0DEEA471ED32D9000B6BD9A /* MapTappedNotification.m in Sources */ = {isa = PBXBuildFile; fileRef = E0DEEA461ED32D9000B6BD9A /* MapTappedNotification.m */; };
		F3DDBFFE1EC34716006E4D0C /* AddCustomIndoorControl.m in Sources */ = {isa = PBXBuildFile; fileRef = F3DDBFFD1EC34716006E4D0C /* AddCustomIndoorControl.m */; };
		F3FFE6B51EC4AB6100E3057B /* SamplesNavigationController.m in Sources */ = {isa = PBXBuildFile; fileRef = F3FFE6B41EC4AB6100E3057B /* SamplesNavigationController.m */; };
/* End PBXBuildFile section */

/* Begin PBXCopyFilesBuildPhase section */
		D0AAB6461EBB331E00384605 /* Embed Frameworks */ = {
			isa = PBXCopyFilesBuildPhase;
			buildActionMask = 2147483647;
			dstPath = "";
			dstSubfolderSpec = 10;
			files = (
			);
			name = "Embed Frameworks";
			runOnlyForDeploymentPostprocessing = 0;
		};
		E03E76131EBCEC06004FBD8B /* Embed Frameworks */ = {
			isa = PBXCopyFilesBuildPhase;
			buildActionMask = 2147483647;
			dstPath = "";
			dstSubfolderSpec = 10;
			files = (
			);
			name = "Embed Frameworks";
			runOnlyForDeploymentPostprocessing = 0;
		};
/* End PBXCopyFilesBuildPhase section */

/* Begin PBXFileReference section */
		093BFBD91EEEC56C00A727B3 /* AddPolygonIndoors.h */ = {isa = PBXFileReference; fileEncoding = 4; lastKnownFileType = sourcecode.c.h; path = AddPolygonIndoors.h; sourceTree = "<group>"; };
		093BFBDA1EEEC56C00A727B3 /* AddPolygonIndoors.m */ = {isa = PBXFileReference; fileEncoding = 4; lastKnownFileType = sourcecode.c.objc; path = AddPolygonIndoors.m; sourceTree = "<group>"; };
		2421BE34EEAE71A620738985 /* Pods-ApiSamples.debug.xcconfig */ = {isa = PBXFileReference; includeInIndex = 1; lastKnownFileType = text.xcconfig; name = "Pods-ApiSamples.debug.xcconfig"; path = "Pods/Target Support Files/Pods-ApiSamples/Pods-ApiSamples.debug.xcconfig"; sourceTree = "<group>"; };
		2C27ECFD1EC220FF00A9E677 /* AddIndoorControl.h */ = {isa = PBXFileReference; fileEncoding = 4; lastKnownFileType = sourcecode.c.h; path = AddIndoorControl.h; sourceTree = "<group>"; };
		2C27ECFE1EC220FF00A9E677 /* AddIndoorControl.m */ = {isa = PBXFileReference; fileEncoding = 4; lastKnownFileType = sourcecode.c.objc; path = AddIndoorControl.m; sourceTree = "<group>"; };
		2C77593C15EA7D89AD77295F /* Pods_HelloWorld.framework */ = {isa = PBXFileReference; explicitFileType = wrapper.framework; includeInIndex = 0; path = Pods_HelloWorld.framework; sourceTree = BUILT_PRODUCTS_DIR; };
		3AA7660678AF660EF0300FDE /* Pods-HelloWorld.debug.xcconfig */ = {isa = PBXFileReference; includeInIndex = 1; lastKnownFileType = text.xcconfig; name = "Pods-HelloWorld.debug.xcconfig"; path = "Pods/Target Support Files/Pods-HelloWorld/Pods-HelloWorld.debug.xcconfig"; sourceTree = "<group>"; };
		521807C01EC09F3E0070ACDD /* AddMarker.h */ = {isa = PBXFileReference; fileEncoding = 4; lastKnownFileType = sourcecode.c.h; path = AddMarker.h; sourceTree = "<group>"; };
		521807C11EC09F3E0070ACDD /* AddMarker.m */ = {isa = PBXFileReference; fileEncoding = 4; lastKnownFileType = sourcecode.c.objc; path = AddMarker.m; sourceTree = "<group>"; };
		521807C41EC0B1670070ACDD /* MarkerChangeDrawOrder.h */ = {isa = PBXFileReference; fileEncoding = 4; lastKnownFileType = sourcecode.c.h; path = MarkerChangeDrawOrder.h; sourceTree = "<group>"; };
		521807C51EC0B1670070ACDD /* MarkerChangeDrawOrder.m */ = {isa = PBXFileReference; fileEncoding = 4; lastKnownFileType = sourcecode.c.objc; path = MarkerChangeDrawOrder.m; sourceTree = "<group>"; };
		521807C71EC0B75B0070ACDD /* MarkerTappedNotification.h */ = {isa = PBXFileReference; fileEncoding = 4; lastKnownFileType = sourcecode.c.h; path = MarkerTappedNotification.h; sourceTree = "<group>"; };
		521807C81EC0B75B0070ACDD /* MarkerTappedNotification.m */ = {isa = PBXFileReference; fileEncoding = 4; lastKnownFileType = sourcecode.c.objc; path = MarkerTappedNotification.m; sourceTree = "<group>"; };
		65B6A4D220932FD800F17DEE /* PrecacheMapData.h */ = {isa = PBXFileReference; fileEncoding = 4; lastKnownFileType = sourcecode.c.h; path = PrecacheMapData.h; sourceTree = "<group>"; };
		65B6A4D320932FD800F17DEE /* PrecacheMapData.m */ = {isa = PBXFileReference; fileEncoding = 4; lastKnownFileType = sourcecode.c.objc; path = PrecacheMapData.m; sourceTree = "<group>"; };
		65B6A4E420A1FDC800F17DEE /* CancelPrecacheMapData.m */ = {isa = PBXFileReference; fileEncoding = 4; lastKnownFileType = sourcecode.c.objc; path = CancelPrecacheMapData.m; sourceTree = "<group>"; };
		65B6A4E520A1FDC900F17DEE /* CancelPrecacheMapData.h */ = {isa = PBXFileReference; fileEncoding = 4; lastKnownFileType = sourcecode.c.h; path = CancelPrecacheMapData.h; sourceTree = "<group>"; };
		6F47C7601FD5960D0071ECE5 /* LoadMapsceneExample.h */ = {isa = PBXFileReference; lastKnownFileType = sourcecode.c.h; path = LoadMapsceneExample.h; sourceTree = "<group>"; };
		6F47C7611FD596370071ECE5 /* LoadMapsceneExample.m */ = {isa = PBXFileReference; lastKnownFileType = sourcecode.c.objc; path = LoadMapsceneExample.m; sourceTree = "<group>"; };
		6F47C7641FD59B2E0071ECE5 /* Wrld.framework */ = {isa = PBXFileReference; explicitFileType = wrapper.framework; path = Wrld.framework; sourceTree = BUILT_PRODUCTS_DIR; };
		6F47C7661FD59B330071ECE5 /* WrldWidgets.framework */ = {isa = PBXFileReference; explicitFileType = wrapper.framework; path = WrldWidgets.framework; sourceTree = BUILT_PRODUCTS_DIR; };
		96C9B4744696165DA6CB24EE /* Pods-ApiSamples.release.xcconfig */ = {isa = PBXFileReference; includeInIndex = 1; lastKnownFileType = text.xcconfig; name = "Pods-ApiSamples.release.xcconfig"; path = "Pods/Target Support Files/Pods-ApiSamples/Pods-ApiSamples.release.xcconfig"; sourceTree = "<group>"; };
		A1211FA56F62A4E195678F32 /* Pods_ApiSamples.framework */ = {isa = PBXFileReference; explicitFileType = wrapper.framework; includeInIndex = 0; path = Pods_ApiSamples.framework; sourceTree = BUILT_PRODUCTS_DIR; };
		A815479A1FA768100050F21E /* PositionerCallout.xib */ = {isa = PBXFileReference; lastKnownFileType = file.xib; path = PositionerCallout.xib; sourceTree = "<group>"; };
		A815479C1FA7747C0050F21E /* PositionerCallout.h */ = {isa = PBXFileReference; lastKnownFileType = sourcecode.c.h; path = PositionerCallout.h; sourceTree = "<group>"; };
		A815479D1FA7747C0050F21E /* PositionerCallout.m */ = {isa = PBXFileReference; lastKnownFileType = sourcecode.c.objc; path = PositionerCallout.m; sourceTree = "<group>"; };
		A81ECBC81FA7853C003CFF29 /* PositionCodeCreatedViewOnMap.m */ = {isa = PBXFileReference; lastKnownFileType = sourcecode.c.objc; path = PositionCodeCreatedViewOnMap.m; sourceTree = "<group>"; };
		A81ECBCA1FA78561003CFF29 /* PositionCodeCreatedViewOnMap.h */ = {isa = PBXFileReference; lastKnownFileType = sourcecode.c.h; path = PositionCodeCreatedViewOnMap.h; sourceTree = "<group>"; };
		A82B34741FB4AEE6009B21D3 /* SearchExample.m */ = {isa = PBXFileReference; lastKnownFileType = sourcecode.c.objc; path = SearchExample.m; sourceTree = "<group>"; };
		A82B34761FB4AF01009B21D3 /* SearchExample.h */ = {isa = PBXFileReference; lastKnownFileType = sourcecode.c.h; path = SearchExample.h; sourceTree = "<group>"; };
		A88643AF1FA1FC3D001D65A0 /* PositionViewOnMap.m */ = {isa = PBXFileReference; fileEncoding = 4; lastKnownFileType = sourcecode.c.objc; path = PositionViewOnMap.m; sourceTree = "<group>"; };
		A88643B01FA1FC3D001D65A0 /* PositionViewOnMap.h */ = {isa = PBXFileReference; fileEncoding = 4; lastKnownFileType = sourcecode.c.h; path = PositionViewOnMap.h; sourceTree = "<group>"; };
		A8B5F6A51FB9AAB00015888E /* CancelSearch.m */ = {isa = PBXFileReference; lastKnownFileType = sourcecode.c.objc; path = CancelSearch.m; sourceTree = "<group>"; };
		A8B5F6A71FB9AACB0015888E /* CancelSearch.h */ = {isa = PBXFileReference; lastKnownFileType = sourcecode.c.h; path = CancelSearch.h; sourceTree = "<group>"; };
		BB3CEC2F203430FE00AF5235 /* HighlightIndoorMapEntities.m */ = {isa = PBXFileReference; lastKnownFileType = sourcecode.c.objc; path = HighlightIndoorMapEntities.m; sourceTree = "<group>"; };
		BB3CEC312034310900AF5235 /* HighlightIndoorMapEntities.h */ = {isa = PBXFileReference; lastKnownFileType = sourcecode.c.h; path = HighlightIndoorMapEntities.h; sourceTree = "<group>"; };
		BB3CEC322034357400AF5235 /* QueryIndoorMapEntities.m */ = {isa = PBXFileReference; lastKnownFileType = sourcecode.c.objc; path = QueryIndoorMapEntities.m; sourceTree = "<group>"; };
		BB3CEC342034357F00AF5235 /* QueryIndoorMapEntities.h */ = {isa = PBXFileReference; lastKnownFileType = sourcecode.c.h; path = QueryIndoorMapEntities.h; sourceTree = "<group>"; };
		BB6B6D781FD96A050070E78F /* FindOutdoorRoute.h */ = {isa = PBXFileReference; lastKnownFileType = sourcecode.c.h; path = FindOutdoorRoute.h; sourceTree = "<group>"; };
		BB6B6D791FD96A2F0070E78F /* FindOutdoorRoute.m */ = {isa = PBXFileReference; lastKnownFileType = sourcecode.c.objc; path = FindOutdoorRoute.m; sourceTree = "<group>"; };
		BB6B6D7B1FD972280070E78F /* FindIndoorRoute.m */ = {isa = PBXFileReference; lastKnownFileType = sourcecode.c.objc; path = FindIndoorRoute.m; sourceTree = "<group>"; };
		BB6B6D7D1FD972430070E78F /* FindIndoorRoute.h */ = {isa = PBXFileReference; lastKnownFileType = sourcecode.c.h; path = FindIndoorRoute.h; sourceTree = "<group>"; };
		BB6B6D7E1FDA4FFD0070E78F /* FindMultipartRoute.m */ = {isa = PBXFileReference; lastKnownFileType = sourcecode.c.objc; path = FindMultipartRoute.m; sourceTree = "<group>"; };
		BB6B6D801FDA50300070E78F /* FindMultipartRoute.h */ = {isa = PBXFileReference; lastKnownFileType = sourcecode.c.h; path = FindMultipartRoute.h; sourceTree = "<group>"; };
		BB6B6D811FDA54110070E78F /* CancelRoutingQuery.m */ = {isa = PBXFileReference; lastKnownFileType = sourcecode.c.objc; path = CancelRoutingQuery.m; sourceTree = "<group>"; };
		BB6B6D831FDA54970070E78F /* CancelRoutingQuery.h */ = {isa = PBXFileReference; lastKnownFileType = sourcecode.c.h; path = CancelRoutingQuery.h; sourceTree = "<group>"; };
		BB6B6DC41FECD57C0070E78F /* AddBuildingHighlight.m */ = {isa = PBXFileReference; lastKnownFileType = sourcecode.c.objc; path = AddBuildingHighlight.m; sourceTree = "<group>"; };
		BB6B6DC61FECD58B0070E78F /* AddBuildingHighlight.h */ = {isa = PBXFileReference; lastKnownFileType = sourcecode.c.h; path = AddBuildingHighlight.h; sourceTree = "<group>"; };
		BB6B6DC71FECDA930070E78F /* RemoveBuildingHighlight.m */ = {isa = PBXFileReference; lastKnownFileType = sourcecode.c.objc; path = RemoveBuildingHighlight.m; sourceTree = "<group>"; };
		BB6B6DC91FECDA9F0070E78F /* RemoveBuildingHighlight.h */ = {isa = PBXFileReference; lastKnownFileType = sourcecode.c.h; path = RemoveBuildingHighlight.h; sourceTree = "<group>"; };
		BB6B6DCC1FECDF9C0070E78F /* QueryBuildingInformation.m */ = {isa = PBXFileReference; lastKnownFileType = sourcecode.c.objc; path = QueryBuildingInformation.m; sourceTree = "<group>"; };
		BB6B6DCE1FECDFAC0070E78F /* QueryBuildingInformation.h */ = {isa = PBXFileReference; lastKnownFileType = sourcecode.c.h; path = QueryBuildingInformation.h; sourceTree = "<group>"; };
		BBFA4A2D2022DD1900124AF1 /* PickingBuildings.m */ = {isa = PBXFileReference; lastKnownFileType = sourcecode.c.objc; path = PickingBuildings.m; sourceTree = "<group>"; };
		BBFA4A2F2022DD2B00124AF1 /* PickingBuildings.h */ = {isa = PBXFileReference; lastKnownFileType = sourcecode.c.h; path = PickingBuildings.h; sourceTree = "<group>"; };
		BBFA4A372024317C00124AF1 /* PlaceObjectsOnBuildings.m */ = {isa = PBXFileReference; lastKnownFileType = sourcecode.c.objc; path = PlaceObjectsOnBuildings.m; sourceTree = "<group>"; };
		BBFA4A392024318B00124AF1 /* PlaceObjectsOnBuildings.h */ = {isa = PBXFileReference; lastKnownFileType = sourcecode.c.h; path = PlaceObjectsOnBuildings.h; sourceTree = "<group>"; };
		CB3A753B09931F91CD5E3FBD /* Pods-HelloWorld.release.xcconfig */ = {isa = PBXFileReference; includeInIndex = 1; lastKnownFileType = text.xcconfig; name = "Pods-HelloWorld.release.xcconfig"; path = "Pods/Target Support Files/Pods-HelloWorld/Pods-HelloWorld.release.xcconfig"; sourceTree = "<group>"; };
		D01B67531F31CC1F00B164FB /* BlueSphereChangeHeading.h */ = {isa = PBXFileReference; lastKnownFileType = sourcecode.c.h; path = BlueSphereChangeHeading.h; sourceTree = "<group>"; };
		D01B67541F31CC5100B164FB /* BlueSphereChangeHeading.m */ = {isa = PBXFileReference; fileEncoding = 4; lastKnownFileType = sourcecode.c.objc; path = BlueSphereChangeHeading.m; sourceTree = "<group>"; };
		D01B67561F31D2B900B164FB /* BlueSphereChangeElevation.m */ = {isa = PBXFileReference; fileEncoding = 4; lastKnownFileType = sourcecode.c.objc; path = BlueSphereChangeElevation.m; sourceTree = "<group>"; };
		D01B67581F31D2D400B164FB /* BlueSphereChangeElevation.h */ = {isa = PBXFileReference; lastKnownFileType = sourcecode.c.h; path = BlueSphereChangeElevation.h; sourceTree = "<group>"; };
		D01B67591F31D52700B164FB /* BlueSphereIndoors.h */ = {isa = PBXFileReference; lastKnownFileType = sourcecode.c.h; path = BlueSphereIndoors.h; sourceTree = "<group>"; };
		D01B675A1F31D53800B164FB /* BlueSphereIndoors.m */ = {isa = PBXFileReference; fileEncoding = 4; lastKnownFileType = sourcecode.c.objc; path = BlueSphereIndoors.m; sourceTree = "<group>"; };
		D044293F1EDED59800F5AEEE /* AddPolygon.h */ = {isa = PBXFileReference; lastKnownFileType = sourcecode.c.h; path = AddPolygon.h; sourceTree = "<group>"; };
		D04429401EDED5B500F5AEEE /* AddPolygon.m */ = {isa = PBXFileReference; fileEncoding = 4; lastKnownFileType = sourcecode.c.objc; path = AddPolygon.m; sourceTree = "<group>"; };
		D04429421EDEDC9700F5AEEE /* PolygonWithInteriorPolygons.h */ = {isa = PBXFileReference; lastKnownFileType = sourcecode.c.h; path = PolygonWithInteriorPolygons.h; sourceTree = "<group>"; };
		D04429431EDEDCBB00F5AEEE /* PolygonWithInteriorPolygons.m */ = {isa = PBXFileReference; fileEncoding = 4; lastKnownFileType = sourcecode.c.objc; path = PolygonWithInteriorPolygons.m; sourceTree = "<group>"; };
		D04429451EDEFCE800F5AEEE /* PolygonWithElevation.m */ = {isa = PBXFileReference; fileEncoding = 4; lastKnownFileType = sourcecode.c.objc; path = PolygonWithElevation.m; sourceTree = "<group>"; };
		D04429471EDEFD0400F5AEEE /* PolygonWithElevation.h */ = {isa = PBXFileReference; lastKnownFileType = sourcecode.c.h; path = PolygonWithElevation.h; sourceTree = "<group>"; };
		D07F7C231F30CA6600956ACE /* BlueSphereChangeLocation.m */ = {isa = PBXFileReference; fileEncoding = 4; lastKnownFileType = sourcecode.c.objc; path = BlueSphereChangeLocation.m; sourceTree = "<group>"; };
		D07F7C251F30CC1100956ACE /* BlueSphereChangeLocation.h */ = {isa = PBXFileReference; lastKnownFileType = sourcecode.c.h; path = BlueSphereChangeLocation.h; sourceTree = "<group>"; };
		D0959EA01FE2AAAC0023E444 /* MoveCameraToIndoor.m */ = {isa = PBXFileReference; lastKnownFileType = sourcecode.c.objc; path = MoveCameraToIndoor.m; sourceTree = "<group>"; };
		D0959EA21FE2AAC70023E444 /* MoveCameraToIndoor.h */ = {isa = PBXFileReference; lastKnownFileType = sourcecode.c.h; path = MoveCameraToIndoor.h; sourceTree = "<group>"; };
		D0959EA31FE2B6040023E444 /* AnimateCameraToIndoor.h */ = {isa = PBXFileReference; lastKnownFileType = sourcecode.c.h; path = AnimateCameraToIndoor.h; sourceTree = "<group>"; };
		D0959EA41FE2B61B0023E444 /* AnimateCameraToIndoor.m */ = {isa = PBXFileReference; lastKnownFileType = sourcecode.c.objc; path = AnimateCameraToIndoor.m; sourceTree = "<group>"; };
		D09B2CED2008E0A600162BCC /* RouteView.h */ = {isa = PBXFileReference; lastKnownFileType = sourcecode.c.h; path = RouteView.h; sourceTree = "<group>"; };
		D09B2CEE2008E0BC00162BCC /* RouteView.m */ = {isa = PBXFileReference; lastKnownFileType = sourcecode.c.objc; path = RouteView.m; sourceTree = "<group>"; };
		D09B2CFE200E23D600162BCC /* RouteViewMarkers.h */ = {isa = PBXFileReference; lastKnownFileType = sourcecode.c.h; path = RouteViewMarkers.h; sourceTree = "<group>"; };
		D09B2CFF200E23E600162BCC /* RouteViewStyle.h */ = {isa = PBXFileReference; lastKnownFileType = sourcecode.c.h; path = RouteViewStyle.h; sourceTree = "<group>"; };
		D09B2D00200E23F800162BCC /* RouteViewStyle.m */ = {isa = PBXFileReference; lastKnownFileType = sourcecode.c.objc; path = RouteViewStyle.m; sourceTree = "<group>"; };
		D09B2D02200E243E00162BCC /* RouteViewMarkers.m */ = {isa = PBXFileReference; lastKnownFileType = sourcecode.c.objc; path = RouteViewMarkers.m; sourceTree = "<group>"; };
		D0AAB6471EBB37C500384605 /* SampleInfo.h */ = {isa = PBXFileReference; fileEncoding = 4; lastKnownFileType = sourcecode.c.h; path = SampleInfo.h; sourceTree = "<group>"; };
		D0AAB6481EBB4A6F00384605 /* AppDelegate.m */ = {isa = PBXFileReference; fileEncoding = 4; lastKnownFileType = sourcecode.c.objc; path = AppDelegate.m; sourceTree = "<group>"; };
		D0AAB64A1EBB4BD400384605 /* SampleInfo.m */ = {isa = PBXFileReference; fileEncoding = 4; lastKnownFileType = sourcecode.c.objc; path = SampleInfo.m; sourceTree = "<group>"; };
		D0AAB64C1EBB5C1000384605 /* FrameCamera.h */ = {isa = PBXFileReference; fileEncoding = 4; lastKnownFileType = sourcecode.c.h; path = FrameCamera.h; sourceTree = "<group>"; };
		D0AAB64D1EBB5C3F00384605 /* FrameCamera.m */ = {isa = PBXFileReference; fileEncoding = 4; lastKnownFileType = sourcecode.c.objc; path = FrameCamera.m; sourceTree = "<group>"; };
		D0AAB6521EBB6FA600384605 /* AnimateCamera.h */ = {isa = PBXFileReference; lastKnownFileType = sourcecode.c.h; path = AnimateCamera.h; sourceTree = "<group>"; };
		D0AAB6531EBB6FCE00384605 /* AnimateCamera.m */ = {isa = PBXFileReference; fileEncoding = 4; lastKnownFileType = sourcecode.c.objc; path = AnimateCamera.m; sourceTree = "<group>"; };
		D0AAB6671EC1C15F00384605 /* MarkerChangeText.h */ = {isa = PBXFileReference; lastKnownFileType = sourcecode.c.h; path = MarkerChangeText.h; sourceTree = "<group>"; };
		D0AAB6681EC1C18000384605 /* MarkerChangeText.m */ = {isa = PBXFileReference; fileEncoding = 4; lastKnownFileType = sourcecode.c.objc; path = MarkerChangeText.m; sourceTree = "<group>"; };
		D0AAB66A1EC1CEFF00384605 /* MarkerChangeLocation.h */ = {isa = PBXFileReference; lastKnownFileType = sourcecode.c.h; path = MarkerChangeLocation.h; sourceTree = "<group>"; };
		D0AAB66B1EC1CF1500384605 /* MarkerChangeLocation.m */ = {isa = PBXFileReference; fileEncoding = 4; lastKnownFileType = sourcecode.c.objc; path = MarkerChangeLocation.m; sourceTree = "<group>"; };
		D0AAB66D1EC1D18800384605 /* MarkerCustomIcon.h */ = {isa = PBXFileReference; lastKnownFileType = sourcecode.c.h; path = MarkerCustomIcon.h; sourceTree = "<group>"; };
		D0AAB66E1EC1D19D00384605 /* MarkerCustomIcon.m */ = {isa = PBXFileReference; fileEncoding = 4; lastKnownFileType = sourcecode.c.objc; path = MarkerCustomIcon.m; sourceTree = "<group>"; };
		D0AAB6701EC1E03C00384605 /* MarkerWithAbsoluteAltitude.h */ = {isa = PBXFileReference; lastKnownFileType = sourcecode.c.h; path = MarkerWithAbsoluteAltitude.h; sourceTree = "<group>"; };
		D0AAB6711EC1E05400384605 /* MarkerWithAbsoluteAltitude.m */ = {isa = PBXFileReference; fileEncoding = 4; lastKnownFileType = sourcecode.c.objc; path = MarkerWithAbsoluteAltitude.m; sourceTree = "<group>"; };
		D0AAB6731EC1F53F00384605 /* MarkerWithElevation.h */ = {isa = PBXFileReference; lastKnownFileType = sourcecode.c.h; path = MarkerWithElevation.h; sourceTree = "<group>"; };
		D0AAB6741EC1F5BB00384605 /* MarkerWithElevation.m */ = {isa = PBXFileReference; fileEncoding = 4; lastKnownFileType = sourcecode.c.objc; path = MarkerWithElevation.m; sourceTree = "<group>"; };
		D0AAB6761EC1FA3500384605 /* AddIndoorMarker.m */ = {isa = PBXFileReference; fileEncoding = 4; lastKnownFileType = sourcecode.c.objc; path = AddIndoorMarker.m; sourceTree = "<group>"; };
		D0AAB6781EC1FA4200384605 /* AddIndoorMarker.h */ = {isa = PBXFileReference; lastKnownFileType = sourcecode.c.h; path = AddIndoorMarker.h; sourceTree = "<group>"; };
		E01489CE1EB73A23002B60DC /* ApiSamples.app */ = {isa = PBXFileReference; explicitFileType = wrapper.application; includeInIndex = 0; path = ApiSamples.app; sourceTree = BUILT_PRODUCTS_DIR; };
		E03E75EB1EBCC598004FBD8B /* HelloWorld.app */ = {isa = PBXFileReference; explicitFileType = wrapper.application; includeInIndex = 0; path = HelloWorld.app; sourceTree = BUILT_PRODUCTS_DIR; };
		E03E75EE1EBCC598004FBD8B /* main.m */ = {isa = PBXFileReference; lastKnownFileType = sourcecode.c.objc; path = main.m; sourceTree = "<group>"; };
		E03E75F01EBCC598004FBD8B /* AppDelegate.h */ = {isa = PBXFileReference; lastKnownFileType = sourcecode.c.h; path = AppDelegate.h; sourceTree = "<group>"; };
		E03E75F11EBCC598004FBD8B /* AppDelegate.m */ = {isa = PBXFileReference; lastKnownFileType = sourcecode.c.objc; path = AppDelegate.m; sourceTree = "<group>"; };
		E03E75F31EBCC598004FBD8B /* ViewController.h */ = {isa = PBXFileReference; lastKnownFileType = sourcecode.c.h; path = ViewController.h; sourceTree = "<group>"; };
		E03E75F41EBCC598004FBD8B /* ViewController.m */ = {isa = PBXFileReference; lastKnownFileType = sourcecode.c.objc; path = ViewController.m; sourceTree = "<group>"; };
		E03E75F71EBCC598004FBD8B /* Base */ = {isa = PBXFileReference; lastKnownFileType = file.storyboard; name = Base; path = Base.lproj/Main.storyboard; sourceTree = "<group>"; };
		E03E75F91EBCC598004FBD8B /* Assets.xcassets */ = {isa = PBXFileReference; lastKnownFileType = folder.assetcatalog; path = Assets.xcassets; sourceTree = "<group>"; };
		E03E75FC1EBCC598004FBD8B /* Base */ = {isa = PBXFileReference; lastKnownFileType = file.storyboard; name = Base; path = Base.lproj/LaunchScreen.storyboard; sourceTree = "<group>"; };
		E03E75FE1EBCC598004FBD8B /* Info.plist */ = {isa = PBXFileReference; lastKnownFileType = text.plist.xml; path = Info.plist; sourceTree = "<group>"; };
		E04885921F39CC3D0031D631 /* AddPolyline.h */ = {isa = PBXFileReference; fileEncoding = 4; lastKnownFileType = sourcecode.c.h; path = AddPolyline.h; sourceTree = "<group>"; };
		E04885931F39CC3D0031D631 /* AddPolylineIndoors.h */ = {isa = PBXFileReference; fileEncoding = 4; lastKnownFileType = sourcecode.c.h; path = AddPolylineIndoors.h; sourceTree = "<group>"; };
		E04885941F39CC3D0031D631 /* AddPolyline.m */ = {isa = PBXFileReference; fileEncoding = 4; lastKnownFileType = sourcecode.c.objc; path = AddPolyline.m; sourceTree = "<group>"; };
		E04885951F39CC3D0031D631 /* AddPolylineIndoors.m */ = {isa = PBXFileReference; fileEncoding = 4; lastKnownFileType = sourcecode.c.objc; path = AddPolylineIndoors.m; sourceTree = "<group>"; };
		E0A48C041EBB8E7200DD387F /* SamplesMessage.h */ = {isa = PBXFileReference; fileEncoding = 4; lastKnownFileType = sourcecode.c.h; path = SamplesMessage.h; sourceTree = "<group>"; };
		E0A48C051EBB8E7200DD387F /* SamplesMessage.m */ = {isa = PBXFileReference; fileEncoding = 4; lastKnownFileType = sourcecode.c.objc; path = SamplesMessage.m; sourceTree = "<group>"; };
		E0A48C071EBB927600DD387F /* InitialStreamingCompleteNotification.h */ = {isa = PBXFileReference; fileEncoding = 4; lastKnownFileType = sourcecode.c.h; path = InitialStreamingCompleteNotification.h; sourceTree = "<group>"; };
		E0A48C081EBB927600DD387F /* InitialStreamingCompleteNotification.m */ = {isa = PBXFileReference; fileEncoding = 4; lastKnownFileType = sourcecode.c.objc; path = InitialStreamingCompleteNotification.m; sourceTree = "<group>"; };
		E0A48C0A1EBB95BF00DD387F /* BasicMap.m */ = {isa = PBXFileReference; fileEncoding = 4; lastKnownFileType = sourcecode.c.objc; path = BasicMap.m; sourceTree = "<group>"; };
		E0A48C0E1EBB9A6200DD387F /* SampleClasses.h */ = {isa = PBXFileReference; fileEncoding = 4; lastKnownFileType = sourcecode.c.h; path = SampleClasses.h; sourceTree = "<group>"; };
		E0A48C3F1EBC81C500DD387F /* Base */ = {isa = PBXFileReference; lastKnownFileType = text.plist.strings; name = Base; path = Localizable.strings; sourceTree = "<group>"; };
		E0A48C411EBC81C500DD387F /* Base */ = {isa = PBXFileReference; lastKnownFileType = file.storyboard; name = Base; path = Main.storyboard; sourceTree = "<group>"; };
		E0A5252A1EB73A7600504831 /* AppDelegate.h */ = {isa = PBXFileReference; fileEncoding = 4; lastKnownFileType = sourcecode.c.h; path = AppDelegate.h; sourceTree = "<group>"; };
		E0A5252C1EB73A7600504831 /* Assets.xcassets */ = {isa = PBXFileReference; lastKnownFileType = folder.assetcatalog; path = Assets.xcassets; sourceTree = "<group>"; };
		E0A5252F1EB73A7600504831 /* Info.plist */ = {isa = PBXFileReference; fileEncoding = 4; lastKnownFileType = text.plist.xml; path = Info.plist; sourceTree = "<group>"; };
		E0A525311EB73A7600504831 /* MainTableViewController.h */ = {isa = PBXFileReference; fileEncoding = 4; lastKnownFileType = sourcecode.c.h; path = MainTableViewController.h; sourceTree = "<group>"; };
		E0A525321EB73A7600504831 /* MainTableViewController.m */ = {isa = PBXFileReference; fileEncoding = 4; lastKnownFileType = sourcecode.c.objc; path = MainTableViewController.m; sourceTree = "<group>"; };
		E0A525341EB73A7600504831 /* BasicMap.h */ = {isa = PBXFileReference; fileEncoding = 4; lastKnownFileType = sourcecode.c.h; path = BasicMap.h; sourceTree = "<group>"; };
		E0A525361EB73A7600504831 /* MoveCamera.h */ = {isa = PBXFileReference; fileEncoding = 4; lastKnownFileType = sourcecode.c.h; path = MoveCamera.h; sourceTree = "<group>"; };
		E0A525371EB73A7600504831 /* MoveCamera.m */ = {isa = PBXFileReference; fileEncoding = 4; lastKnownFileType = sourcecode.c.objc; path = MoveCamera.m; sourceTree = "<group>"; };
		E0A525381EB73A7600504831 /* SamplesContainerViewController.h */ = {isa = PBXFileReference; fileEncoding = 4; lastKnownFileType = sourcecode.c.h; path = SamplesContainerViewController.h; sourceTree = "<group>"; };
		E0A525391EB73A7600504831 /* SamplesContainerViewController.m */ = {isa = PBXFileReference; fileEncoding = 4; lastKnownFileType = sourcecode.c.objc; path = SamplesContainerViewController.m; sourceTree = "<group>"; };
		E0A525431EB73AF900504831 /* main.m */ = {isa = PBXFileReference; fileEncoding = 4; lastKnownFileType = sourcecode.c.objc; name = main.m; path = ApiSamples/main.m; sourceTree = SOURCE_ROOT; };
		E0DEEA3C1ED3155000B6BD9A /* IndoorMapDisplayName.h */ = {isa = PBXFileReference; fileEncoding = 4; lastKnownFileType = sourcecode.c.h; path = IndoorMapDisplayName.h; sourceTree = "<group>"; };
		E0DEEA3D1ED3155000B6BD9A /* IndoorMapDisplayName.m */ = {isa = PBXFileReference; fileEncoding = 4; lastKnownFileType = sourcecode.c.objc; path = IndoorMapDisplayName.m; sourceTree = "<group>"; };
		E0DEEA3F1ED316D000B6BD9A /* ExitIndoorMap.h */ = {isa = PBXFileReference; fileEncoding = 4; lastKnownFileType = sourcecode.c.h; path = ExitIndoorMap.h; sourceTree = "<group>"; };
		E0DEEA401ED316D000B6BD9A /* ExitIndoorMap.m */ = {isa = PBXFileReference; fileEncoding = 4; lastKnownFileType = sourcecode.c.objc; path = ExitIndoorMap.m; sourceTree = "<group>"; };
		E0DEEA421ED327A600B6BD9A /* QueryCamera.h */ = {isa = PBXFileReference; fileEncoding = 4; lastKnownFileType = sourcecode.c.h; path = QueryCamera.h; sourceTree = "<group>"; };
		E0DEEA431ED327A600B6BD9A /* QueryCamera.m */ = {isa = PBXFileReference; fileEncoding = 4; lastKnownFileType = sourcecode.c.objc; path = QueryCamera.m; sourceTree = "<group>"; };
		E0DEEA451ED32D9000B6BD9A /* MapTappedNotification.h */ = {isa = PBXFileReference; fileEncoding = 4; lastKnownFileType = sourcecode.c.h; path = MapTappedNotification.h; sourceTree = "<group>"; };
		E0DEEA461ED32D9000B6BD9A /* MapTappedNotification.m */ = {isa = PBXFileReference; fileEncoding = 4; lastKnownFileType = sourcecode.c.objc; path = MapTappedNotification.m; sourceTree = "<group>"; };
		F3DDBFFC1EC34716006E4D0C /* AddCustomIndoorControl.h */ = {isa = PBXFileReference; fileEncoding = 4; lastKnownFileType = sourcecode.c.h; path = AddCustomIndoorControl.h; sourceTree = "<group>"; };
		F3DDBFFD1EC34716006E4D0C /* AddCustomIndoorControl.m */ = {isa = PBXFileReference; fileEncoding = 4; lastKnownFileType = sourcecode.c.objc; path = AddCustomIndoorControl.m; sourceTree = "<group>"; };
		F3FFE6B31EC4AB6100E3057B /* SamplesNavigationController.h */ = {isa = PBXFileReference; fileEncoding = 4; lastKnownFileType = sourcecode.c.h; path = SamplesNavigationController.h; sourceTree = "<group>"; };
		F3FFE6B41EC4AB6100E3057B /* SamplesNavigationController.m */ = {isa = PBXFileReference; fileEncoding = 4; lastKnownFileType = sourcecode.c.objc; path = SamplesNavigationController.m; sourceTree = "<group>"; };
/* End PBXFileReference section */

/* Begin PBXFrameworksBuildPhase section */
		E01489CB1EB73A23002B60DC /* Frameworks */ = {
			isa = PBXFrameworksBuildPhase;
			buildActionMask = 2147483647;
			files = (
				6F47C7631FD59B2E0071ECE5 /* Wrld.framework in Frameworks */,
				6F47C7651FD59B330071ECE5 /* WrldWidgets.framework in Frameworks */,
				8BE2BD2F617DCB8FC15D19E4 /* Pods_ApiSamples.framework in Frameworks */,
			);
			runOnlyForDeploymentPostprocessing = 0;
		};
		E03E75E81EBCC598004FBD8B /* Frameworks */ = {
			isa = PBXFrameworksBuildPhase;
			buildActionMask = 2147483647;
			files = (
				D816100B01BF49FFC5903DA1 /* Pods_HelloWorld.framework in Frameworks */,
			);
			runOnlyForDeploymentPostprocessing = 0;
		};
/* End PBXFrameworksBuildPhase section */

/* Begin PBXGroup section */
		E01489C51EB73A23002B60DC = {
			isa = PBXGroup;
			children = (
				E0A525291EB73A7600504831 /* ApiSamples */,
				E03E75EC1EBCC598004FBD8B /* HelloWorld */,
				E01489CF1EB73A23002B60DC /* Products */,
				E0A525511EB73BAA00504831 /* Frameworks */,
				E07D4BECC8A6548E9EADBFBB /* Pods */,
			);
			sourceTree = "<group>";
		};
		E01489CF1EB73A23002B60DC /* Products */ = {
			isa = PBXGroup;
			children = (
				E01489CE1EB73A23002B60DC /* ApiSamples.app */,
				E03E75EB1EBCC598004FBD8B /* HelloWorld.app */,
			);
			name = Products;
			sourceTree = "<group>";
		};
		E01489D11EB73A23002B60DC /* Supporting Files */ = {
			isa = PBXGroup;
			children = (
				E0A525431EB73AF900504831 /* main.m */,
			);
			name = "Supporting Files";
			path = "../api-samples";
			sourceTree = "<group>";
		};
		E03E75EC1EBCC598004FBD8B /* HelloWorld */ = {
			isa = PBXGroup;
			children = (
				E03E75F01EBCC598004FBD8B /* AppDelegate.h */,
				E03E75F11EBCC598004FBD8B /* AppDelegate.m */,
				E03E75F31EBCC598004FBD8B /* ViewController.h */,
				E03E75F41EBCC598004FBD8B /* ViewController.m */,
				E03E75F61EBCC598004FBD8B /* Main.storyboard */,
				E03E75F91EBCC598004FBD8B /* Assets.xcassets */,
				E03E75FB1EBCC598004FBD8B /* LaunchScreen.storyboard */,
				E03E75FE1EBCC598004FBD8B /* Info.plist */,
				E03E75ED1EBCC598004FBD8B /* Supporting Files */,
			);
			path = HelloWorld;
			sourceTree = "<group>";
		};
		E03E75ED1EBCC598004FBD8B /* Supporting Files */ = {
			isa = PBXGroup;
			children = (
				E03E75EE1EBCC598004FBD8B /* main.m */,
			);
			name = "Supporting Files";
			sourceTree = "<group>";
		};
		E07D4BECC8A6548E9EADBFBB /* Pods */ = {
			isa = PBXGroup;
			children = (
				2421BE34EEAE71A620738985 /* Pods-ApiSamples.debug.xcconfig */,
				96C9B4744696165DA6CB24EE /* Pods-ApiSamples.release.xcconfig */,
				3AA7660678AF660EF0300FDE /* Pods-HelloWorld.debug.xcconfig */,
				CB3A753B09931F91CD5E3FBD /* Pods-HelloWorld.release.xcconfig */,
			);
			name = Pods;
			sourceTree = "<group>";
		};
		E0A48C3D1EBC81C500DD387F /* Base.lproj */ = {
			isa = PBXGroup;
			children = (
				E0A48C3E1EBC81C500DD387F /* Localizable.strings */,
				E0A48C401EBC81C500DD387F /* Main.storyboard */,
			);
			path = Base.lproj;
			sourceTree = "<group>";
		};
		E0A525291EB73A7600504831 /* ApiSamples */ = {
			isa = PBXGroup;
			children = (
				E0A48C3D1EBC81C500DD387F /* Base.lproj */,
				E0A48C041EBB8E7200DD387F /* SamplesMessage.h */,
				E0A48C051EBB8E7200DD387F /* SamplesMessage.m */,
				E0A5252A1EB73A7600504831 /* AppDelegate.h */,
				D0AAB6481EBB4A6F00384605 /* AppDelegate.m */,
				E0A5252C1EB73A7600504831 /* Assets.xcassets */,
				E0A5252F1EB73A7600504831 /* Info.plist */,
				E0A525311EB73A7600504831 /* MainTableViewController.h */,
				E0A525321EB73A7600504831 /* MainTableViewController.m */,
				D0AAB6471EBB37C500384605 /* SampleInfo.h */,
				D0AAB64A1EBB4BD400384605 /* SampleInfo.m */,
				E0A525331EB73A7600504831 /* Samples */,
				E0A525381EB73A7600504831 /* SamplesContainerViewController.h */,
				E0A525391EB73A7600504831 /* SamplesContainerViewController.m */,
				E01489D11EB73A23002B60DC /* Supporting Files */,
				F3FFE6B31EC4AB6100E3057B /* SamplesNavigationController.h */,
				F3FFE6B41EC4AB6100E3057B /* SamplesNavigationController.m */,
			);
			path = ApiSamples;
			sourceTree = "<group>";
		};
		E0A525331EB73A7600504831 /* Samples */ = {
			isa = PBXGroup;
			children = (
				65B6A4E520A1FDC900F17DEE /* CancelPrecacheMapData.h */,
				65B6A4E420A1FDC800F17DEE /* CancelPrecacheMapData.m */,
				65B6A4D220932FD800F17DEE /* PrecacheMapData.h */,
				65B6A4D320932FD800F17DEE /* PrecacheMapData.m */,
				A88643B01FA1FC3D001D65A0 /* PositionViewOnMap.h */,
				A88643AF1FA1FC3D001D65A0 /* PositionViewOnMap.m */,
				E0A48C0E1EBB9A6200DD387F /* SampleClasses.h */,
				E0A525341EB73A7600504831 /* BasicMap.h */,
				E0A48C0A1EBB95BF00DD387F /* BasicMap.m */,
				D07F7C251F30CC1100956ACE /* BlueSphereChangeLocation.h */,
				D07F7C231F30CA6600956ACE /* BlueSphereChangeLocation.m */,
				D01B67531F31CC1F00B164FB /* BlueSphereChangeHeading.h */,
				D01B67541F31CC5100B164FB /* BlueSphereChangeHeading.m */,
				D01B67581F31D2D400B164FB /* BlueSphereChangeElevation.h */,
				D01B67561F31D2B900B164FB /* BlueSphereChangeElevation.m */,
				D01B67591F31D52700B164FB /* BlueSphereIndoors.h */,
				D01B675A1F31D53800B164FB /* BlueSphereIndoors.m */,
				E0A525361EB73A7600504831 /* MoveCamera.h */,
				E0A525371EB73A7600504831 /* MoveCamera.m */,
				D0AAB6521EBB6FA600384605 /* AnimateCamera.h */,
				D0AAB6531EBB6FCE00384605 /* AnimateCamera.m */,
				D0AAB64C1EBB5C1000384605 /* FrameCamera.h */,
				D0AAB64D1EBB5C3F00384605 /* FrameCamera.m */,
				E0DEEA421ED327A600B6BD9A /* QueryCamera.h */,
				E0DEEA431ED327A600B6BD9A /* QueryCamera.m */,
				E0DEEA451ED32D9000B6BD9A /* MapTappedNotification.h */,
				E0DEEA461ED32D9000B6BD9A /* MapTappedNotification.m */,
				E0DEEA3F1ED316D000B6BD9A /* ExitIndoorMap.h */,
				E0DEEA401ED316D000B6BD9A /* ExitIndoorMap.m */,
				E0DEEA3C1ED3155000B6BD9A /* IndoorMapDisplayName.h */,
				E0DEEA3D1ED3155000B6BD9A /* IndoorMapDisplayName.m */,
				F3DDBFFC1EC34716006E4D0C /* AddCustomIndoorControl.h */,
				F3DDBFFD1EC34716006E4D0C /* AddCustomIndoorControl.m */,
				2C27ECFD1EC220FF00A9E677 /* AddIndoorControl.h */,
				2C27ECFE1EC220FF00A9E677 /* AddIndoorControl.m */,
				521807C01EC09F3E0070ACDD /* AddMarker.h */,
				521807C11EC09F3E0070ACDD /* AddMarker.m */,
				D0AAB66D1EC1D18800384605 /* MarkerCustomIcon.h */,
				D0AAB66E1EC1D19D00384605 /* MarkerCustomIcon.m */,
				D0AAB6731EC1F53F00384605 /* MarkerWithElevation.h */,
				D0AAB6741EC1F5BB00384605 /* MarkerWithElevation.m */,
				D0AAB6701EC1E03C00384605 /* MarkerWithAbsoluteAltitude.h */,
				D0AAB6711EC1E05400384605 /* MarkerWithAbsoluteAltitude.m */,
				D0AAB6781EC1FA4200384605 /* AddIndoorMarker.h */,
				D0AAB6761EC1FA3500384605 /* AddIndoorMarker.m */,
				D0AAB6671EC1C15F00384605 /* MarkerChangeText.h */,
				D0AAB6681EC1C18000384605 /* MarkerChangeText.m */,
				D0AAB66A1EC1CEFF00384605 /* MarkerChangeLocation.h */,
				D0AAB66B1EC1CF1500384605 /* MarkerChangeLocation.m */,
				521807C71EC0B75B0070ACDD /* MarkerTappedNotification.h */,
				521807C81EC0B75B0070ACDD /* MarkerTappedNotification.m */,
				521807C41EC0B1670070ACDD /* MarkerChangeDrawOrder.h */,
				521807C51EC0B1670070ACDD /* MarkerChangeDrawOrder.m */,
				D044293F1EDED59800F5AEEE /* AddPolygon.h */,
				D04429401EDED5B500F5AEEE /* AddPolygon.m */,
				093BFBD91EEEC56C00A727B3 /* AddPolygonIndoors.h */,
				093BFBDA1EEEC56C00A727B3 /* AddPolygonIndoors.m */,
				D04429421EDEDC9700F5AEEE /* PolygonWithInteriorPolygons.h */,
				D04429431EDEDCBB00F5AEEE /* PolygonWithInteriorPolygons.m */,
				E0A48C071EBB927600DD387F /* InitialStreamingCompleteNotification.h */,
				E0A48C081EBB927600DD387F /* InitialStreamingCompleteNotification.m */,
				D04429471EDEFD0400F5AEEE /* PolygonWithElevation.h */,
				D04429451EDEFCE800F5AEEE /* PolygonWithElevation.m */,
				E04885921F39CC3D0031D631 /* AddPolyline.h */,
				E04885941F39CC3D0031D631 /* AddPolyline.m */,
				E04885931F39CC3D0031D631 /* AddPolylineIndoors.h */,
				E04885951F39CC3D0031D631 /* AddPolylineIndoors.m */,
				A815479A1FA768100050F21E /* PositionerCallout.xib */,
				A815479C1FA7747C0050F21E /* PositionerCallout.h */,
				A815479D1FA7747C0050F21E /* PositionerCallout.m */,
				A81ECBC81FA7853C003CFF29 /* PositionCodeCreatedViewOnMap.m */,
				A81ECBCA1FA78561003CFF29 /* PositionCodeCreatedViewOnMap.h */,
				A82B34741FB4AEE6009B21D3 /* SearchExample.m */,
				A82B34761FB4AF01009B21D3 /* SearchExample.h */,
				6F47C7611FD596370071ECE5 /* LoadMapsceneExample.m */,
				6F47C7601FD5960D0071ECE5 /* LoadMapsceneExample.h */,
				A8B5F6A51FB9AAB00015888E /* CancelSearch.m */,
				A8B5F6A71FB9AACB0015888E /* CancelSearch.h */,
				BB6B6D791FD96A2F0070E78F /* FindOutdoorRoute.m */,
				BB6B6D781FD96A050070E78F /* FindOutdoorRoute.h */,
				BB6B6D7B1FD972280070E78F /* FindIndoorRoute.m */,
				BB6B6D7D1FD972430070E78F /* FindIndoorRoute.h */,
				BB6B6D7E1FDA4FFD0070E78F /* FindMultipartRoute.m */,
				BB6B6D801FDA50300070E78F /* FindMultipartRoute.h */,
				BB6B6D811FDA54110070E78F /* CancelRoutingQuery.m */,
				BB6B6D831FDA54970070E78F /* CancelRoutingQuery.h */,
				BB6B6DC41FECD57C0070E78F /* AddBuildingHighlight.m */,
				BB6B6DC61FECD58B0070E78F /* AddBuildingHighlight.h */,
				BB6B6DC71FECDA930070E78F /* RemoveBuildingHighlight.m */,
				BB6B6DC91FECDA9F0070E78F /* RemoveBuildingHighlight.h */,
				BB6B6DCC1FECDF9C0070E78F /* QueryBuildingInformation.m */,
				BB6B6DCE1FECDFAC0070E78F /* QueryBuildingInformation.h */,
				D0959EA01FE2AAAC0023E444 /* MoveCameraToIndoor.m */,
				D0959EA21FE2AAC70023E444 /* MoveCameraToIndoor.h */,
				D0959EA31FE2B6040023E444 /* AnimateCameraToIndoor.h */,
				D0959EA41FE2B61B0023E444 /* AnimateCameraToIndoor.m */,
				D09B2CEE2008E0BC00162BCC /* RouteView.m */,
				D09B2CED2008E0A600162BCC /* RouteView.h */,
				D09B2D02200E243E00162BCC /* RouteViewMarkers.m */,
				D09B2CFE200E23D600162BCC /* RouteViewMarkers.h */,
				D09B2D00200E23F800162BCC /* RouteViewStyle.m */,
				D09B2CFF200E23E600162BCC /* RouteViewStyle.h */,
				BBFA4A2D2022DD1900124AF1 /* PickingBuildings.m */,
				BBFA4A2F2022DD2B00124AF1 /* PickingBuildings.h */,
				BBFA4A372024317C00124AF1 /* PlaceObjectsOnBuildings.m */,
				BBFA4A392024318B00124AF1 /* PlaceObjectsOnBuildings.h */,
				BB3CEC2F203430FE00AF5235 /* HighlightIndoorMapEntities.m */,
				BB3CEC312034310900AF5235 /* HighlightIndoorMapEntities.h */,
				BB3CEC322034357400AF5235 /* QueryIndoorMapEntities.m */,
				BB3CEC342034357F00AF5235 /* QueryIndoorMapEntities.h */,
			);
			path = Samples;
			sourceTree = "<group>";
		};
		E0A525511EB73BAA00504831 /* Frameworks */ = {
			isa = PBXGroup;
			children = (
				A1211FA56F62A4E195678F32 /* Pods_ApiSamples.framework */,
				2C77593C15EA7D89AD77295F /* Pods_HelloWorld.framework */,
			);
			name = Frameworks;
			sourceTree = "<group>";
		};
/* End PBXGroup section */

/* Begin PBXNativeTarget section */
		E01489CD1EB73A23002B60DC /* ApiSamples */ = {
			isa = PBXNativeTarget;
			buildConfigurationList = E01489E51EB73A23002B60DC /* Build configuration list for PBXNativeTarget "ApiSamples" */;
			buildPhases = (
				74B2D72EAD3CB34B5F6F68A9 /* [CP] Check Pods Manifest.lock */,
				E01489CA1EB73A23002B60DC /* Sources */,
				E01489CB1EB73A23002B60DC /* Frameworks */,
				E01489CC1EB73A23002B60DC /* Resources */,
				D0AAB6461EBB331E00384605 /* Embed Frameworks */,
				42F70B9FB6DFE9B3A68FE216 /* [CP] Embed Pods Frameworks */,
				83052C3E0FC1D368D804FD0E /* [CP] Copy Pods Resources */,
			);
			buildRules = (
			);
			dependencies = (
			);
			name = ApiSamples;
			productName = "api-samples";
			productReference = E01489CE1EB73A23002B60DC /* ApiSamples.app */;
			productType = "com.apple.product-type.application";
		};
		E03E75EA1EBCC598004FBD8B /* HelloWorld */ = {
			isa = PBXNativeTarget;
			buildConfigurationList = E03E76011EBCC598004FBD8B /* Build configuration list for PBXNativeTarget "HelloWorld" */;
			buildPhases = (
				4B365C7B5CE53CF69F903B44 /* [CP] Check Pods Manifest.lock */,
				E03E75E71EBCC598004FBD8B /* Sources */,
				E03E75E81EBCC598004FBD8B /* Frameworks */,
				E03E75E91EBCC598004FBD8B /* Resources */,
				E03E76131EBCEC06004FBD8B /* Embed Frameworks */,
				94432418B6954B7AEF88C2E1 /* [CP] Embed Pods Frameworks */,
				9F1B8927A1CE28CBAA65EC73 /* [CP] Copy Pods Resources */,
			);
			buildRules = (
			);
			dependencies = (
			);
			name = HelloWorld;
			productName = HelloWorld;
			productReference = E03E75EB1EBCC598004FBD8B /* HelloWorld.app */;
			productType = "com.apple.product-type.application";
		};
/* End PBXNativeTarget section */

/* Begin PBXProject section */
		E01489C61EB73A23002B60DC /* Project object */ = {
			isa = PBXProject;
			attributes = {
				LastUpgradeCheck = 0830;
				ORGANIZATIONNAME = WRLD;
				TargetAttributes = {
					E01489CD1EB73A23002B60DC = {
						CreatedOnToolsVersion = 8.3;
						DevelopmentTeam = QBCVJ28BRW;
						ProvisioningStyle = Automatic;
					};
					E03E75EA1EBCC598004FBD8B = {
						CreatedOnToolsVersion = 8.3;
						DevelopmentTeam = QBCVJ28BRW;
						ProvisioningStyle = Automatic;
					};
				};
			};
			buildConfigurationList = E01489C91EB73A23002B60DC /* Build configuration list for PBXProject "api-samples" */;
			compatibilityVersion = "Xcode 3.2";
			developmentRegion = English;
			hasScannedForEncodings = 0;
			knownRegions = (
				en,
				Base,
			);
			mainGroup = E01489C51EB73A23002B60DC;
			productRefGroup = E01489CF1EB73A23002B60DC /* Products */;
			projectDirPath = "";
			projectRoot = "";
			targets = (
				E01489CD1EB73A23002B60DC /* ApiSamples */,
				E03E75EA1EBCC598004FBD8B /* HelloWorld */,
			);
		};
/* End PBXProject section */

/* Begin PBXResourcesBuildPhase section */
		E01489CC1EB73A23002B60DC /* Resources */ = {
			isa = PBXResourcesBuildPhase;
			buildActionMask = 2147483647;
			files = (
				E0A5253B1EB73A7600504831 /* Assets.xcassets in Resources */,
				E0A48C431EBC81C500DD387F /* Main.storyboard in Resources */,
				E0A48C421EBC81C500DD387F /* Localizable.strings in Resources */,
				A815479B1FA768100050F21E /* PositionerCallout.xib in Resources */,
			);
			runOnlyForDeploymentPostprocessing = 0;
		};
		E03E75E91EBCC598004FBD8B /* Resources */ = {
			isa = PBXResourcesBuildPhase;
			buildActionMask = 2147483647;
			files = (
				E03E75FD1EBCC598004FBD8B /* LaunchScreen.storyboard in Resources */,
				E03E75FA1EBCC598004FBD8B /* Assets.xcassets in Resources */,
				E03E75F81EBCC598004FBD8B /* Main.storyboard in Resources */,
			);
			runOnlyForDeploymentPostprocessing = 0;
		};
/* End PBXResourcesBuildPhase section */

/* Begin PBXShellScriptBuildPhase section */
		42F70B9FB6DFE9B3A68FE216 /* [CP] Embed Pods Frameworks */ = {
			isa = PBXShellScriptBuildPhase;
			buildActionMask = 2147483647;
			files = (
			);
			inputPaths = (
			);
			name = "[CP] Embed Pods Frameworks";
			outputPaths = (
			);
			runOnlyForDeploymentPostprocessing = 0;
			shellPath = /bin/sh;
			shellScript = "\"${SRCROOT}/Pods/Target Support Files/Pods-ApiSamples/Pods-ApiSamples-frameworks.sh\"\n";
			showEnvVarsInLog = 0;
		};
		4B365C7B5CE53CF69F903B44 /* [CP] Check Pods Manifest.lock */ = {
			isa = PBXShellScriptBuildPhase;
			buildActionMask = 2147483647;
			files = (
			);
			inputPaths = (
			);
			name = "[CP] Check Pods Manifest.lock";
			outputPaths = (
			);
			runOnlyForDeploymentPostprocessing = 0;
			shellPath = /bin/sh;
			shellScript = "diff \"${PODS_PODFILE_DIR_PATH}/Podfile.lock\" \"${PODS_ROOT}/Manifest.lock\" > /dev/null\nif [ $? != 0 ] ; then\n    # print error to STDERR\n    echo \"error: The sandbox is not in sync with the Podfile.lock. Run 'pod install' or update your CocoaPods installation.\" >&2\n    exit 1\nfi\n";
			showEnvVarsInLog = 0;
		};
		74B2D72EAD3CB34B5F6F68A9 /* [CP] Check Pods Manifest.lock */ = {
			isa = PBXShellScriptBuildPhase;
			buildActionMask = 2147483647;
			files = (
			);
			inputPaths = (
			);
			name = "[CP] Check Pods Manifest.lock";
			outputPaths = (
			);
			runOnlyForDeploymentPostprocessing = 0;
			shellPath = /bin/sh;
			shellScript = "diff \"${PODS_PODFILE_DIR_PATH}/Podfile.lock\" \"${PODS_ROOT}/Manifest.lock\" > /dev/null\nif [ $? != 0 ] ; then\n    # print error to STDERR\n    echo \"error: The sandbox is not in sync with the Podfile.lock. Run 'pod install' or update your CocoaPods installation.\" >&2\n    exit 1\nfi\n";
			showEnvVarsInLog = 0;
		};
		83052C3E0FC1D368D804FD0E /* [CP] Copy Pods Resources */ = {
			isa = PBXShellScriptBuildPhase;
			buildActionMask = 2147483647;
			files = (
			);
			inputPaths = (
			);
			name = "[CP] Copy Pods Resources";
			outputPaths = (
			);
			runOnlyForDeploymentPostprocessing = 0;
			shellPath = /bin/sh;
			shellScript = "\"${SRCROOT}/Pods/Target Support Files/Pods-ApiSamples/Pods-ApiSamples-resources.sh\"\n";
			showEnvVarsInLog = 0;
		};
		94432418B6954B7AEF88C2E1 /* [CP] Embed Pods Frameworks */ = {
			isa = PBXShellScriptBuildPhase;
			buildActionMask = 2147483647;
			files = (
			);
			inputPaths = (
			);
			name = "[CP] Embed Pods Frameworks";
			outputPaths = (
			);
			runOnlyForDeploymentPostprocessing = 0;
			shellPath = /bin/sh;
			shellScript = "\"${SRCROOT}/Pods/Target Support Files/Pods-HelloWorld/Pods-HelloWorld-frameworks.sh\"\n";
			showEnvVarsInLog = 0;
		};
		9F1B8927A1CE28CBAA65EC73 /* [CP] Copy Pods Resources */ = {
			isa = PBXShellScriptBuildPhase;
			buildActionMask = 2147483647;
			files = (
			);
			inputPaths = (
			);
			name = "[CP] Copy Pods Resources";
			outputPaths = (
			);
			runOnlyForDeploymentPostprocessing = 0;
			shellPath = /bin/sh;
			shellScript = "\"${SRCROOT}/Pods/Target Support Files/Pods-HelloWorld/Pods-HelloWorld-resources.sh\"\n";
			showEnvVarsInLog = 0;
		};
/* End PBXShellScriptBuildPhase section */

/* Begin PBXSourcesBuildPhase section */
		E01489CA1EB73A23002B60DC /* Sources */ = {
			isa = PBXSourcesBuildPhase;
			buildActionMask = 2147483647;
			files = (
				D09B2CEF2008E0BC00162BCC /* RouteView.m in Sources */,
				D0AAB66C1EC1CF1500384605 /* MarkerChangeLocation.m in Sources */,
				E04885971F39CC3D0031D631 /* AddPolylineIndoors.m in Sources */,
				E0A48C0B1EBB95BF00DD387F /* BasicMap.m in Sources */,
				D0AAB6721EC1E05400384605 /* MarkerWithAbsoluteAltitude.m in Sources */,
				6F47C7621FD596370071ECE5 /* LoadMapsceneExample.m in Sources */,
				D07F7C241F30CA6600956ACE /* BlueSphereChangeLocation.m in Sources */,
				E0A48C061EBB8E7200DD387F /* SamplesMessage.m in Sources */,
				E0DEEA471ED32D9000B6BD9A /* MapTappedNotification.m in Sources */,
				E0DEEA411ED316D000B6BD9A /* ExitIndoorMap.m in Sources */,
				BB6B6DC81FECDA930070E78F /* RemoveBuildingHighlight.m in Sources */,
				E0A525421EB73A7600504831 /* SamplesContainerViewController.m in Sources */,
				521807C91EC0B75B0070ACDD /* MarkerTappedNotification.m in Sources */,
				E0A48C091EBB927600DD387F /* InitialStreamingCompleteNotification.m in Sources */,
				D0AAB66F1EC1D19D00384605 /* MarkerCustomIcon.m in Sources */,
				521807C21EC09F3E0070ACDD /* AddMarker.m in Sources */,
				BBFA4A382024317C00124AF1 /* PlaceObjectsOnBuildings.m in Sources */,
				D04429441EDEDCBB00F5AEEE /* PolygonWithInteriorPolygons.m in Sources */,
				D0AAB6541EBB6FCE00384605 /* AnimateCamera.m in Sources */,
				BB3CEC332034357400AF5235 /* QueryIndoorMapEntities.m in Sources */,
				D0AAB64B1EBB4BD400384605 /* SampleInfo.m in Sources */,
				BB6B6D7A1FD96A2F0070E78F /* FindOutdoorRoute.m in Sources */,
				E0A5253F1EB73A7600504831 /* MainTableViewController.m in Sources */,
				D0AAB6751EC1F5BB00384605 /* MarkerWithElevation.m in Sources */,
				F3DDBFFE1EC34716006E4D0C /* AddCustomIndoorControl.m in Sources */,
				D04429411EDED5B500F5AEEE /* AddPolygon.m in Sources */,
				BB3CEC30203430FE00AF5235 /* HighlightIndoorMapEntities.m in Sources */,
				D01B67551F31CC5100B164FB /* BlueSphereChangeHeading.m in Sources */,
				D01B67571F31D2B900B164FB /* BlueSphereChangeElevation.m in Sources */,
				2C27ECFF1EC220FF00A9E677 /* AddIndoorControl.m in Sources */,
				BBFA4A2E2022DD1900124AF1 /* PickingBuildings.m in Sources */,
				65B6A4E620A1FDC900F17DEE /* CancelPrecacheMapData.m in Sources */,
				A81ECBC91FA7853C003CFF29 /* PositionCodeCreatedViewOnMap.m in Sources */,
				E0DEEA3E1ED3155000B6BD9A /* IndoorMapDisplayName.m in Sources */,
				D0AAB6691EC1C18000384605 /* MarkerChangeText.m in Sources */,
				65B6A4D420932FD800F17DEE /* PrecacheMapData.m in Sources */,
				D09B2D01200E23F800162BCC /* RouteViewStyle.m in Sources */,
				BB6B6DC51FECD57C0070E78F /* AddBuildingHighlight.m in Sources */,
				A88643B11FA1FC3D001D65A0 /* PositionViewOnMap.m in Sources */,
				F3FFE6B51EC4AB6100E3057B /* SamplesNavigationController.m in Sources */,
				A815479E1FA7747C0050F21E /* PositionerCallout.m in Sources */,
				093BFBDB1EEEC56C00A727B3 /* AddPolygonIndoors.m in Sources */,
				D0AAB6491EBB4A6F00384605 /* AppDelegate.m in Sources */,
				D0AAB6771EC1FA3500384605 /* AddIndoorMarker.m in Sources */,
				D09B2D03200E243E00162BCC /* RouteViewMarkers.m in Sources */,
				BB6B6D7F1FDA4FFD0070E78F /* FindMultipartRoute.m in Sources */,
				D0959EA51FE2B61B0023E444 /* AnimateCameraToIndoor.m in Sources */,
				D0959EA11FE2AAAC0023E444 /* MoveCameraToIndoor.m in Sources */,
				A82B34751FB4AEE6009B21D3 /* SearchExample.m in Sources */,
				D04429461EDEFCE800F5AEEE /* PolygonWithElevation.m in Sources */,
				BB6B6DCD1FECDF9C0070E78F /* QueryBuildingInformation.m in Sources */,
				D0AAB64E1EBB5C3F00384605 /* FrameCamera.m in Sources */,
				A8B5F6A61FB9AAB00015888E /* CancelSearch.m in Sources */,
				D01B675B1F31D53800B164FB /* BlueSphereIndoors.m in Sources */,
				E0A525441EB73AF900504831 /* main.m in Sources */,
				BB6B6D7C1FD972280070E78F /* FindIndoorRoute.m in Sources */,
				E0DEEA441ED327A600B6BD9A /* QueryCamera.m in Sources */,
				E04885961F39CC3D0031D631 /* AddPolyline.m in Sources */,
				BB6B6D821FDA54110070E78F /* CancelRoutingQuery.m in Sources */,
				521807C61EC0B1670070ACDD /* MarkerChangeDrawOrder.m in Sources */,
				E0A525411EB73A7600504831 /* MoveCamera.m in Sources */,
			);
			runOnlyForDeploymentPostprocessing = 0;
		};
		E03E75E71EBCC598004FBD8B /* Sources */ = {
			isa = PBXSourcesBuildPhase;
			buildActionMask = 2147483647;
			files = (
				E03E75F51EBCC598004FBD8B /* ViewController.m in Sources */,
				E03E75F21EBCC598004FBD8B /* AppDelegate.m in Sources */,
				E03E75EF1EBCC598004FBD8B /* main.m in Sources */,
			);
			runOnlyForDeploymentPostprocessing = 0;
		};
/* End PBXSourcesBuildPhase section */

/* Begin PBXVariantGroup section */
		E03E75F61EBCC598004FBD8B /* Main.storyboard */ = {
			isa = PBXVariantGroup;
			children = (
				E03E75F71EBCC598004FBD8B /* Base */,
			);
			name = Main.storyboard;
			sourceTree = "<group>";
		};
		E03E75FB1EBCC598004FBD8B /* LaunchScreen.storyboard */ = {
			isa = PBXVariantGroup;
			children = (
				E03E75FC1EBCC598004FBD8B /* Base */,
			);
			name = LaunchScreen.storyboard;
			sourceTree = "<group>";
		};
		E0A48C3E1EBC81C500DD387F /* Localizable.strings */ = {
			isa = PBXVariantGroup;
			children = (
				E0A48C3F1EBC81C500DD387F /* Base */,
			);
			name = Localizable.strings;
			sourceTree = "<group>";
		};
		E0A48C401EBC81C500DD387F /* Main.storyboard */ = {
			isa = PBXVariantGroup;
			children = (
				E0A48C411EBC81C500DD387F /* Base */,
			);
			name = Main.storyboard;
			sourceTree = "<group>";
		};
/* End PBXVariantGroup section */

/* Begin XCBuildConfiguration section */
		E01489E31EB73A23002B60DC /* Debug */ = {
			isa = XCBuildConfiguration;
			buildSettings = {
				ALWAYS_SEARCH_USER_PATHS = NO;
				CLANG_ANALYZER_NONNULL = YES;
				CLANG_ANALYZER_NUMBER_OBJECT_CONVERSION = YES_AGGRESSIVE;
				CLANG_CXX_LANGUAGE_STANDARD = "gnu++0x";
				CLANG_CXX_LIBRARY = "libc++";
				CLANG_ENABLE_MODULES = YES;
				CLANG_ENABLE_OBJC_ARC = YES;
				CLANG_WARN_BOOL_CONVERSION = YES;
				CLANG_WARN_CONSTANT_CONVERSION = YES;
				CLANG_WARN_DIRECT_OBJC_ISA_USAGE = YES_ERROR;
				CLANG_WARN_DOCUMENTATION_COMMENTS = YES;
				CLANG_WARN_EMPTY_BODY = YES;
				CLANG_WARN_ENUM_CONVERSION = YES;
				CLANG_WARN_INFINITE_RECURSION = YES;
				CLANG_WARN_INT_CONVERSION = YES;
				CLANG_WARN_OBJC_ROOT_CLASS = YES_ERROR;
				CLANG_WARN_SUSPICIOUS_MOVE = YES;
				CLANG_WARN_UNREACHABLE_CODE = YES;
				CLANG_WARN__DUPLICATE_METHOD_MATCH = YES;
				"CODE_SIGN_IDENTITY[sdk=iphoneos*]" = "iPhone Developer";
				COPY_PHASE_STRIP = NO;
				DEBUG_INFORMATION_FORMAT = dwarf;
				ENABLE_STRICT_OBJC_MSGSEND = YES;
				ENABLE_TESTABILITY = YES;
				GCC_C_LANGUAGE_STANDARD = gnu99;
				GCC_DYNAMIC_NO_PIC = NO;
				GCC_NO_COMMON_BLOCKS = YES;
				GCC_OPTIMIZATION_LEVEL = 0;
				GCC_PREPROCESSOR_DEFINITIONS = (
					"DEBUG=1",
					"$(inherited)",
				);
				GCC_WARN_64_TO_32_BIT_CONVERSION = YES;
				GCC_WARN_ABOUT_RETURN_TYPE = YES_ERROR;
				GCC_WARN_UNDECLARED_SELECTOR = YES;
				GCC_WARN_UNINITIALIZED_AUTOS = YES_AGGRESSIVE;
				GCC_WARN_UNUSED_FUNCTION = YES;
				GCC_WARN_UNUSED_VARIABLE = YES;
				IPHONEOS_DEPLOYMENT_TARGET = 10.3;
				MTL_ENABLE_DEBUG_INFO = YES;
				ONLY_ACTIVE_ARCH = YES;
				SDKROOT = iphoneos;
				TARGETED_DEVICE_FAMILY = "1,2";
			};
			name = Debug;
		};
		E01489E41EB73A23002B60DC /* Release */ = {
			isa = XCBuildConfiguration;
			buildSettings = {
				ALWAYS_SEARCH_USER_PATHS = NO;
				CLANG_ANALYZER_NONNULL = YES;
				CLANG_ANALYZER_NUMBER_OBJECT_CONVERSION = YES_AGGRESSIVE;
				CLANG_CXX_LANGUAGE_STANDARD = "gnu++0x";
				CLANG_CXX_LIBRARY = "libc++";
				CLANG_ENABLE_MODULES = YES;
				CLANG_ENABLE_OBJC_ARC = YES;
				CLANG_WARN_BOOL_CONVERSION = YES;
				CLANG_WARN_CONSTANT_CONVERSION = YES;
				CLANG_WARN_DIRECT_OBJC_ISA_USAGE = YES_ERROR;
				CLANG_WARN_DOCUMENTATION_COMMENTS = YES;
				CLANG_WARN_EMPTY_BODY = YES;
				CLANG_WARN_ENUM_CONVERSION = YES;
				CLANG_WARN_INFINITE_RECURSION = YES;
				CLANG_WARN_INT_CONVERSION = YES;
				CLANG_WARN_OBJC_ROOT_CLASS = YES_ERROR;
				CLANG_WARN_SUSPICIOUS_MOVE = YES;
				CLANG_WARN_UNREACHABLE_CODE = YES;
				CLANG_WARN__DUPLICATE_METHOD_MATCH = YES;
				"CODE_SIGN_IDENTITY[sdk=iphoneos*]" = "iPhone Developer";
				COPY_PHASE_STRIP = NO;
				DEBUG_INFORMATION_FORMAT = "dwarf-with-dsym";
				ENABLE_NS_ASSERTIONS = NO;
				ENABLE_STRICT_OBJC_MSGSEND = YES;
				GCC_C_LANGUAGE_STANDARD = gnu99;
				GCC_NO_COMMON_BLOCKS = YES;
				GCC_WARN_64_TO_32_BIT_CONVERSION = YES;
				GCC_WARN_ABOUT_RETURN_TYPE = YES_ERROR;
				GCC_WARN_UNDECLARED_SELECTOR = YES;
				GCC_WARN_UNINITIALIZED_AUTOS = YES_AGGRESSIVE;
				GCC_WARN_UNUSED_FUNCTION = YES;
				GCC_WARN_UNUSED_VARIABLE = YES;
				IPHONEOS_DEPLOYMENT_TARGET = 10.3;
				MTL_ENABLE_DEBUG_INFO = NO;
				SDKROOT = iphoneos;
				TARGETED_DEVICE_FAMILY = "1,2";
				VALIDATE_PRODUCT = YES;
			};
			name = Release;
		};
		E01489E61EB73A23002B60DC /* Debug */ = {
			isa = XCBuildConfiguration;
			baseConfigurationReference = 2421BE34EEAE71A620738985 /* Pods-ApiSamples.debug.xcconfig */;
			buildSettings = {
				ASSETCATALOG_COMPILER_APPICON_NAME = AppIcon;
				DEVELOPMENT_TEAM = QBCVJ28BRW;
				ENABLE_BITCODE = NO;
				INFOPLIST_FILE = "$(SRCROOT)/ApiSamples/Info.plist";
				IPHONEOS_DEPLOYMENT_TARGET = 8.0;
				LD_RUNPATH_SEARCH_PATHS = "$(inherited) @executable_path/Frameworks";
				OTHER_LDFLAGS = "$(inherited)";
				PRODUCT_BUNDLE_IDENTIFIER = "com.wrld.api-samples";
				PRODUCT_NAME = "$(TARGET_NAME)";
			};
			name = Debug;
		};
		E01489E71EB73A23002B60DC /* Release */ = {
			isa = XCBuildConfiguration;
			baseConfigurationReference = 96C9B4744696165DA6CB24EE /* Pods-ApiSamples.release.xcconfig */;
			buildSettings = {
				ASSETCATALOG_COMPILER_APPICON_NAME = AppIcon;
				DEVELOPMENT_TEAM = QBCVJ28BRW;
				ENABLE_BITCODE = NO;
				INFOPLIST_FILE = "$(SRCROOT)/ApiSamples/Info.plist";
				IPHONEOS_DEPLOYMENT_TARGET = 8.0;
				LD_RUNPATH_SEARCH_PATHS = "$(inherited) @executable_path/Frameworks";
				OTHER_LDFLAGS = "$(inherited)";
				PRODUCT_BUNDLE_IDENTIFIER = "com.wrld.api-samples";
				PRODUCT_NAME = "$(TARGET_NAME)";
			};
			name = Release;
		};
		E03E75FF1EBCC598004FBD8B /* Debug */ = {
			isa = XCBuildConfiguration;
			baseConfigurationReference = 3AA7660678AF660EF0300FDE /* Pods-HelloWorld.debug.xcconfig */;
			buildSettings = {
				ASSETCATALOG_COMPILER_APPICON_NAME = AppIcon;
				DEVELOPMENT_TEAM = QBCVJ28BRW;
				ENABLE_BITCODE = NO;
				INFOPLIST_FILE = HelloWorld/Info.plist;
				IPHONEOS_DEPLOYMENT_TARGET = 8.0;
				LD_RUNPATH_SEARCH_PATHS = "$(inherited) @executable_path/Frameworks";
				OTHER_LDFLAGS = "$(inherited)";
				PRODUCT_BUNDLE_IDENTIFIER = "com.wrld.hello-world";
				PRODUCT_NAME = "$(TARGET_NAME)";
			};
			name = Debug;
		};
		E03E76001EBCC598004FBD8B /* Release */ = {
			isa = XCBuildConfiguration;
			baseConfigurationReference = CB3A753B09931F91CD5E3FBD /* Pods-HelloWorld.release.xcconfig */;
			buildSettings = {
				ASSETCATALOG_COMPILER_APPICON_NAME = AppIcon;
				DEVELOPMENT_TEAM = QBCVJ28BRW;
				ENABLE_BITCODE = NO;
				INFOPLIST_FILE = HelloWorld/Info.plist;
				IPHONEOS_DEPLOYMENT_TARGET = 8.0;
				LD_RUNPATH_SEARCH_PATHS = "$(inherited) @executable_path/Frameworks";
				OTHER_LDFLAGS = "$(inherited)";
				PRODUCT_BUNDLE_IDENTIFIER = "com.wrld.hello-world";
				PRODUCT_NAME = "$(TARGET_NAME)";
			};
			name = Release;
		};
/* End XCBuildConfiguration section */

/* Begin XCConfigurationList section */
		E01489C91EB73A23002B60DC /* Build configuration list for PBXProject "api-samples" */ = {
			isa = XCConfigurationList;
			buildConfigurations = (
				E01489E31EB73A23002B60DC /* Debug */,
				E01489E41EB73A23002B60DC /* Release */,
			);
			defaultConfigurationIsVisible = 0;
			defaultConfigurationName = Release;
		};
		E01489E51EB73A23002B60DC /* Build configuration list for PBXNativeTarget "ApiSamples" */ = {
			isa = XCConfigurationList;
			buildConfigurations = (
				E01489E61EB73A23002B60DC /* Debug */,
				E01489E71EB73A23002B60DC /* Release */,
			);
			defaultConfigurationIsVisible = 0;
			defaultConfigurationName = Release;
		};
		E03E76011EBCC598004FBD8B /* Build configuration list for PBXNativeTarget "HelloWorld" */ = {
			isa = XCConfigurationList;
			buildConfigurations = (
				E03E75FF1EBCC598004FBD8B /* Debug */,
				E03E76001EBCC598004FBD8B /* Release */,
			);
			defaultConfigurationIsVisible = 0;
			defaultConfigurationName = Release;
		};
/* End XCConfigurationList section */
	};
	rootObject = E01489C61EB73A23002B60DC /* Project object */;
}
